// !$*UTF8*$!
{
	archiveVersion = 1;
	classes = {
	};
	objectVersion = 56;
	objects = {

/* Begin PBXBuildFile section */
		873BD2F22C09290000ECEF0E /* LandmarksApp.swift in Sources */ = {isa = PBXBuildFile; fileRef = 873BD2F12C09290000ECEF0E /* LandmarksApp.swift */; };
		873BD2F42C09290000ECEF0E /* ContentView.swift in Sources */ = {isa = PBXBuildFile; fileRef = 873BD2F32C09290000ECEF0E /* ContentView.swift */; };
		873BD2F62C09290100ECEF0E /* Assets.xcassets in Resources */ = {isa = PBXBuildFile; fileRef = 873BD2F52C09290100ECEF0E /* Assets.xcassets */; };
		873BD2FA2C09290100ECEF0E /* Preview Assets.xcassets in Resources */ = {isa = PBXBuildFile; fileRef = 873BD2F92C09290100ECEF0E /* Preview Assets.xcassets */; };
		873BD3042C09290100ECEF0E /* LandmarksTests.swift in Sources */ = {isa = PBXBuildFile; fileRef = 873BD3032C09290100ECEF0E /* LandmarksTests.swift */; };
		873BD30E2C09290100ECEF0E /* LandmarksUITests.swift in Sources */ = {isa = PBXBuildFile; fileRef = 873BD30D2C09290100ECEF0E /* LandmarksUITests.swift */; };
		873BD3102C09290100ECEF0E /* LandmarksUITestsLaunchTests.swift in Sources */ = {isa = PBXBuildFile; fileRef = 873BD30F2C09290100ECEF0E /* LandmarksUITestsLaunchTests.swift */; };
		873BD31D2C0BD0C700ECEF0E /* CircleImage.swift in Sources */ = {isa = PBXBuildFile; fileRef = 873BD31C2C0BD0C700ECEF0E /* CircleImage.swift */; };
		873BD31F2C0BD2B500ECEF0E /* MapView.swift in Sources */ = {isa = PBXBuildFile; fileRef = 873BD31E2C0BD2B500ECEF0E /* MapView.swift */; };
		873BD3232C0C6FF300ECEF0E /* landmarkData.json in Resources */ = {isa = PBXBuildFile; fileRef = 873BD3222C0C6FF300ECEF0E /* landmarkData.json */; };
		873BD3262C0C705400ECEF0E /* Landmark.swift in Sources */ = {isa = PBXBuildFile; fileRef = 873BD3252C0C705400ECEF0E /* Landmark.swift */; };
		873BD3282C0C745C00ECEF0E /* ModelData.swift in Sources */ = {isa = PBXBuildFile; fileRef = 873BD3272C0C745C00ECEF0E /* ModelData.swift */; };
		873BD32A2C0C775700ECEF0E /* LandmarkRow.swift in Sources */ = {isa = PBXBuildFile; fileRef = 873BD3292C0C775700ECEF0E /* LandmarkRow.swift */; };
		873BD32C2C0C79B400ECEF0E /* LandmarkList.swift in Sources */ = {isa = PBXBuildFile; fileRef = 873BD32B2C0C79B400ECEF0E /* LandmarkList.swift */; };
		873BD32E2C0CA3A900ECEF0E /* LandmarkDetail.swift in Sources */ = {isa = PBXBuildFile; fileRef = 873BD32D2C0CA3A900ECEF0E /* LandmarkDetail.swift */; };
		873BD3302C0DFCB700ECEF0E /* FavoriteButton.swift in Sources */ = {isa = PBXBuildFile; fileRef = 873BD32F2C0DFCB700ECEF0E /* FavoriteButton.swift */; };
		873BD3322C0FB5F300ECEF0E /* HexagonParameters.swift in Sources */ = {isa = PBXBuildFile; fileRef = 873BD3312C0FB5F300ECEF0E /* HexagonParameters.swift */; };
		873BD3342C0FB79200ECEF0E /* BadgeBackground.swift in Sources */ = {isa = PBXBuildFile; fileRef = 873BD3332C0FB79200ECEF0E /* BadgeBackground.swift */; };
		873BD3362C0FBD4B00ECEF0E /* BadgeSymbol.swift in Sources */ = {isa = PBXBuildFile; fileRef = 873BD3352C0FBD4B00ECEF0E /* BadgeSymbol.swift */; };
		873BD3382C10B3A300ECEF0E /* RotatedBadgeSymbol.swift in Sources */ = {isa = PBXBuildFile; fileRef = 873BD3372C10B3A300ECEF0E /* RotatedBadgeSymbol.swift */; };
		873BD33A2C10B42C00ECEF0E /* Badge.swift in Sources */ = {isa = PBXBuildFile; fileRef = 873BD3392C10B42C00ECEF0E /* Badge.swift */; };
		87805A4C2C12617C00E9FF11 /* hikeData.json in Resources */ = {isa = PBXBuildFile; fileRef = 87805A4B2C12617C00E9FF11 /* hikeData.json */; };
		87805A4E2C1261C100E9FF11 /* Hike.swift in Sources */ = {isa = PBXBuildFile; fileRef = 87805A4D2C1261C100E9FF11 /* Hike.swift */; };
		87805A542C12647400E9FF11 /* GraphCapsule.swift in Sources */ = {isa = PBXBuildFile; fileRef = 87805A4F2C12647400E9FF11 /* GraphCapsule.swift */; };
		87805A552C12647400E9FF11 /* HikeDetail.swift in Sources */ = {isa = PBXBuildFile; fileRef = 87805A502C12647400E9FF11 /* HikeDetail.swift */; };
		87805A562C12647400E9FF11 /* HikeGraph.swift in Sources */ = {isa = PBXBuildFile; fileRef = 87805A512C12647400E9FF11 /* HikeGraph.swift */; };
		87805A572C12647400E9FF11 /* HikeView.swift in Sources */ = {isa = PBXBuildFile; fileRef = 87805A522C12647400E9FF11 /* HikeView.swift */; };
		87805A5A2C14B69800E9FF11 /* CategoryHome.swift in Sources */ = {isa = PBXBuildFile; fileRef = 87805A592C14B69800E9FF11 /* CategoryHome.swift */; };
		87805A5C2C14E09100E9FF11 /* CategoryRow.swift in Sources */ = {isa = PBXBuildFile; fileRef = 87805A5B2C14E09100E9FF11 /* CategoryRow.swift */; };
		87805A5E2C14E27900E9FF11 /* CategoryItem.swift in Sources */ = {isa = PBXBuildFile; fileRef = 87805A5D2C14E27900E9FF11 /* CategoryItem.swift */; };
		87805A602C15A57F00E9FF11 /* Profile.swift in Sources */ = {isa = PBXBuildFile; fileRef = 87805A5F2C15A57F00E9FF11 /* Profile.swift */; };
		87805A632C15A6EA00E9FF11 /* ProfileHost.swift in Sources */ = {isa = PBXBuildFile; fileRef = 87805A622C15A6EA00E9FF11 /* ProfileHost.swift */; };
		87805A652C15A7BA00E9FF11 /* ProfileSummary.swift in Sources */ = {isa = PBXBuildFile; fileRef = 87805A642C15A7BA00E9FF11 /* ProfileSummary.swift */; };
		87805A672C15AAD500E9FF11 /* HikeBadge.swift in Sources */ = {isa = PBXBuildFile; fileRef = 87805A662C15AAD500E9FF11 /* HikeBadge.swift */; };
		87805A692C15B40F00E9FF11 /* ProfileEditor.swift in Sources */ = {isa = PBXBuildFile; fileRef = 87805A682C15B40F00E9FF11 /* ProfileEditor.swift */; };
		87805A6C2C1604FE00E9FF11 /* PageViewController.swift in Sources */ = {isa = PBXBuildFile; fileRef = 87805A6B2C1604FE00E9FF11 /* PageViewController.swift */; };
		87805A6E2C16077300E9FF11 /* FeatureCard.swift in Sources */ = {isa = PBXBuildFile; fileRef = 87805A6D2C16077300E9FF11 /* FeatureCard.swift */; };
		87805A702C1609F500E9FF11 /* PageView.swift in Sources */ = {isa = PBXBuildFile; fileRef = 87805A6F2C1609F500E9FF11 /* PageView.swift */; };
		87805A722C1888D500E9FF11 /* PageControl.swift in Sources */ = {isa = PBXBuildFile; fileRef = 87805A712C1888D500E9FF11 /* PageControl.swift */; };
		87805A7C2C18A11500E9FF11 /* ContentView.swift in Sources */ = {isa = PBXBuildFile; fileRef = 87805A7B2C18A11500E9FF11 /* ContentView.swift */; };
		87805A7E2C18A11600E9FF11 /* Assets.xcassets in Resources */ = {isa = PBXBuildFile; fileRef = 87805A7D2C18A11600E9FF11 /* Assets.xcassets */; };
		87805A812C18A11600E9FF11 /* Preview Assets.xcassets in Resources */ = {isa = PBXBuildFile; fileRef = 87805A802C18A11600E9FF11 /* Preview Assets.xcassets */; };
		87805A842C18A11600E9FF11 /* WatchLandmarks Watch App.app in Embed Watch Content */ = {isa = PBXBuildFile; fileRef = 87805A772C18A11500E9FF11 /* WatchLandmarks Watch App.app */; settings = {ATTRIBUTES = (RemoveHeadersOnCopy, ); }; };
		87805A892C18A27400E9FF11 /* ModelData.swift in Sources */ = {isa = PBXBuildFile; fileRef = 873BD3272C0C745C00ECEF0E /* ModelData.swift */; };
		87805A8A2C18A27400E9FF11 /* HexagonParameters.swift in Sources */ = {isa = PBXBuildFile; fileRef = 873BD3312C0FB5F300ECEF0E /* HexagonParameters.swift */; };
		87805A8B2C18A27400E9FF11 /* LandmarkRow.swift in Sources */ = {isa = PBXBuildFile; fileRef = 873BD3292C0C775700ECEF0E /* LandmarkRow.swift */; };
		87805A8C2C18A27400E9FF11 /* Profile.swift in Sources */ = {isa = PBXBuildFile; fileRef = 87805A5F2C15A57F00E9FF11 /* Profile.swift */; };
		87805A8D2C18A27400E9FF11 /* LandmarksApp.swift in Sources */ = {isa = PBXBuildFile; fileRef = 873BD2F12C09290000ECEF0E /* LandmarksApp.swift */; };
		87805A8E2C18A27400E9FF11 /* CircleImage.swift in Sources */ = {isa = PBXBuildFile; fileRef = 873BD31C2C0BD0C700ECEF0E /* CircleImage.swift */; };
		87805A8F2C18A27400E9FF11 /* Landmark.swift in Sources */ = {isa = PBXBuildFile; fileRef = 873BD3252C0C705400ECEF0E /* Landmark.swift */; };
		87805A902C18A27400E9FF11 /* Hike.swift in Sources */ = {isa = PBXBuildFile; fileRef = 87805A4D2C1261C100E9FF11 /* Hike.swift */; };
		87805A922C18A27400E9FF11 /* MapView.swift in Sources */ = {isa = PBXBuildFile; fileRef = 873BD31E2C0BD2B500ECEF0E /* MapView.swift */; };
		87805A932C18A27400E9FF11 /* landmarkData.json in Resources */ = {isa = PBXBuildFile; fileRef = 873BD3222C0C6FF300ECEF0E /* landmarkData.json */; };
		87805A942C18A27400E9FF11 /* Assets.xcassets in Resources */ = {isa = PBXBuildFile; fileRef = 873BD2F52C09290100ECEF0E /* Assets.xcassets */; };
		87805A952C18A27400E9FF11 /* hikeData.json in Resources */ = {isa = PBXBuildFile; fileRef = 87805A4B2C12617C00E9FF11 /* hikeData.json */; };
		87805A972C18A34200E9FF11 /* LandmarkDetail.swift in Sources */ = {isa = PBXBuildFile; fileRef = 87805A962C18A34200E9FF11 /* LandmarkDetail.swift */; };
		87805A992C18ED5F00E9FF11 /* NotificationView.swift in Sources */ = {isa = PBXBuildFile; fileRef = 87805A982C18ED5F00E9FF11 /* NotificationView.swift */; };
		87805A9B2C18EE7E00E9FF11 /* NotificationController.swift in Sources */ = {isa = PBXBuildFile; fileRef = 87805A9A2C18EE7E00E9FF11 /* NotificationController.swift */; };
		87805AA62C1B8B6500E9FF11 /* ContentView.swift in Sources */ = {isa = PBXBuildFile; fileRef = 87805AA52C1B8B6500E9FF11 /* ContentView.swift */; };
		87805AA82C1B8B6600E9FF11 /* Assets.xcassets in Resources */ = {isa = PBXBuildFile; fileRef = 87805AA72C1B8B6600E9FF11 /* Assets.xcassets */; };
		87805AAB2C1B8B6600E9FF11 /* Preview Assets.xcassets in Resources */ = {isa = PBXBuildFile; fileRef = 87805AAA2C1B8B6600E9FF11 /* Preview Assets.xcassets */; };
		87805AB02C1B8D0100E9FF11 /* hikeData.json in Resources */ = {isa = PBXBuildFile; fileRef = 87805A4B2C12617C00E9FF11 /* hikeData.json */; };
		87805AB12C1B8D0100E9FF11 /* Assets.xcassets in Resources */ = {isa = PBXBuildFile; fileRef = 873BD2F52C09290100ECEF0E /* Assets.xcassets */; };
		87805AB22C1B8D0100E9FF11 /* landmarkData.json in Resources */ = {isa = PBXBuildFile; fileRef = 873BD3222C0C6FF300ECEF0E /* landmarkData.json */; };
		87805AB32C1B8D0100E9FF11 /* Profile.swift in Sources */ = {isa = PBXBuildFile; fileRef = 87805A5F2C15A57F00E9FF11 /* Profile.swift */; };
		87805AB42C1B8D0100E9FF11 /* MapView.swift in Sources */ = {isa = PBXBuildFile; fileRef = 873BD31E2C0BD2B500ECEF0E /* MapView.swift */; };
		87805AB52C1B8D0100E9FF11 /* LandmarkRow.swift in Sources */ = {isa = PBXBuildFile; fileRef = 873BD3292C0C775700ECEF0E /* LandmarkRow.swift */; };
		87805AB62C1B8D0100E9FF11 /* LandmarkList.swift in Sources */ = {isa = PBXBuildFile; fileRef = 873BD32B2C0C79B400ECEF0E /* LandmarkList.swift */; };
		87805AB72C1B8D0100E9FF11 /* FavoriteButton.swift in Sources */ = {isa = PBXBuildFile; fileRef = 873BD32F2C0DFCB700ECEF0E /* FavoriteButton.swift */; };
		87805AB82C1B8D0100E9FF11 /* CircleImage.swift in Sources */ = {isa = PBXBuildFile; fileRef = 873BD31C2C0BD0C700ECEF0E /* CircleImage.swift */; };
		87805AB92C1B8D0100E9FF11 /* LandmarksApp.swift in Sources */ = {isa = PBXBuildFile; fileRef = 873BD2F12C09290000ECEF0E /* LandmarksApp.swift */; };
		87805ABA2C1B8D0100E9FF11 /* Landmark.swift in Sources */ = {isa = PBXBuildFile; fileRef = 873BD3252C0C705400ECEF0E /* Landmark.swift */; };
		87805ABB2C1B8D0100E9FF11 /* Hike.swift in Sources */ = {isa = PBXBuildFile; fileRef = 87805A4D2C1261C100E9FF11 /* Hike.swift */; };
		87805ABC2C1B8D0100E9FF11 /* ModelData.swift in Sources */ = {isa = PBXBuildFile; fileRef = 873BD3272C0C745C00ECEF0E /* ModelData.swift */; };
		87805ABE2C1B8EE500E9FF11 /* LandmarkDetail.swift in Sources */ = {isa = PBXBuildFile; fileRef = 87805ABD2C1B8EE500E9FF11 /* LandmarkDetail.swift */; };
		87DAD2E62C1C4CC200B58D70 /* LandmarkList.swift in Sources */ = {isa = PBXBuildFile; fileRef = 87DAD2E52C1C4CC200B58D70 /* LandmarkList.swift */; };
		87DAD2E82C1E003100B58D70 /* LandmarkCommands.swift in Sources */ = {isa = PBXBuildFile; fileRef = 87DAD2E72C1E003100B58D70 /* LandmarkCommands.swift */; };
		87DAD2E92C1E003100B58D70 /* LandmarkCommands.swift in Sources */ = {isa = PBXBuildFile; fileRef = 87DAD2E72C1E003100B58D70 /* LandmarkCommands.swift */; };
		87DAD2EC2C1E09D800B58D70 /* LandmarkSettings.swift in Sources */ = {isa = PBXBuildFile; fileRef = 87DAD2EA2C1E09D800B58D70 /* LandmarkSettings.swift */; };
/* End PBXBuildFile section */

/* Begin PBXContainerItemProxy section */
		873BD3002C09290100ECEF0E /* PBXContainerItemProxy */ = {
			isa = PBXContainerItemProxy;
			containerPortal = 873BD2E62C09290000ECEF0E /* Project object */;
			proxyType = 1;
			remoteGlobalIDString = 873BD2ED2C09290000ECEF0E;
			remoteInfo = Landmarks;
		};
		873BD30A2C09290100ECEF0E /* PBXContainerItemProxy */ = {
			isa = PBXContainerItemProxy;
			containerPortal = 873BD2E62C09290000ECEF0E /* Project object */;
			proxyType = 1;
			remoteGlobalIDString = 873BD2ED2C09290000ECEF0E;
			remoteInfo = Landmarks;
		};
		87805A822C18A11600E9FF11 /* PBXContainerItemProxy */ = {
			isa = PBXContainerItemProxy;
			containerPortal = 873BD2E62C09290000ECEF0E /* Project object */;
			proxyType = 1;
			remoteGlobalIDString = 87805A762C18A11500E9FF11;
			remoteInfo = "WatchLandmarks Watch App";
		};
/* End PBXContainerItemProxy section */

/* Begin PBXCopyFilesBuildPhase section */
		87805A882C18A11600E9FF11 /* Embed Watch Content */ = {
			isa = PBXCopyFilesBuildPhase;
			buildActionMask = 2147483647;
			dstPath = "$(CONTENTS_FOLDER_PATH)/Watch";
			dstSubfolderSpec = 16;
			files = (
				87805A842C18A11600E9FF11 /* WatchLandmarks Watch App.app in Embed Watch Content */,
			);
			name = "Embed Watch Content";
			runOnlyForDeploymentPostprocessing = 0;
		};
/* End PBXCopyFilesBuildPhase section */

/* Begin PBXFileReference section */
		873BD2EE2C09290000ECEF0E /* Landmarks.app */ = {isa = PBXFileReference; explicitFileType = wrapper.application; includeInIndex = 0; path = Landmarks.app; sourceTree = BUILT_PRODUCTS_DIR; };
		873BD2F12C09290000ECEF0E /* LandmarksApp.swift */ = {isa = PBXFileReference; lastKnownFileType = sourcecode.swift; path = LandmarksApp.swift; sourceTree = "<group>"; };
		873BD2F32C09290000ECEF0E /* ContentView.swift */ = {isa = PBXFileReference; lastKnownFileType = sourcecode.swift; path = ContentView.swift; sourceTree = "<group>"; };
		873BD2F52C09290100ECEF0E /* Assets.xcassets */ = {isa = PBXFileReference; lastKnownFileType = folder.assetcatalog; path = Assets.xcassets; sourceTree = "<group>"; };
		873BD2F72C09290100ECEF0E /* Landmarks.entitlements */ = {isa = PBXFileReference; lastKnownFileType = text.plist.entitlements; path = Landmarks.entitlements; sourceTree = "<group>"; };
		873BD2F92C09290100ECEF0E /* Preview Assets.xcassets */ = {isa = PBXFileReference; lastKnownFileType = folder.assetcatalog; path = "Preview Assets.xcassets"; sourceTree = "<group>"; };
		873BD2FF2C09290100ECEF0E /* LandmarksTests.xctest */ = {isa = PBXFileReference; explicitFileType = wrapper.cfbundle; includeInIndex = 0; path = LandmarksTests.xctest; sourceTree = BUILT_PRODUCTS_DIR; };
		873BD3032C09290100ECEF0E /* LandmarksTests.swift */ = {isa = PBXFileReference; lastKnownFileType = sourcecode.swift; path = LandmarksTests.swift; sourceTree = "<group>"; };
		873BD3092C09290100ECEF0E /* LandmarksUITests.xctest */ = {isa = PBXFileReference; explicitFileType = wrapper.cfbundle; includeInIndex = 0; path = LandmarksUITests.xctest; sourceTree = BUILT_PRODUCTS_DIR; };
		873BD30D2C09290100ECEF0E /* LandmarksUITests.swift */ = {isa = PBXFileReference; lastKnownFileType = sourcecode.swift; path = LandmarksUITests.swift; sourceTree = "<group>"; };
		873BD30F2C09290100ECEF0E /* LandmarksUITestsLaunchTests.swift */ = {isa = PBXFileReference; lastKnownFileType = sourcecode.swift; path = LandmarksUITestsLaunchTests.swift; sourceTree = "<group>"; };
		873BD31C2C0BD0C700ECEF0E /* CircleImage.swift */ = {isa = PBXFileReference; lastKnownFileType = sourcecode.swift; path = CircleImage.swift; sourceTree = "<group>"; };
		873BD31E2C0BD2B500ECEF0E /* MapView.swift */ = {isa = PBXFileReference; lastKnownFileType = sourcecode.swift; path = MapView.swift; sourceTree = "<group>"; };
		873BD3222C0C6FF300ECEF0E /* landmarkData.json */ = {isa = PBXFileReference; fileEncoding = 4; lastKnownFileType = text.json; path = landmarkData.json; sourceTree = "<group>"; };
		873BD3252C0C705400ECEF0E /* Landmark.swift */ = {isa = PBXFileReference; lastKnownFileType = sourcecode.swift; path = Landmark.swift; sourceTree = "<group>"; };
		873BD3272C0C745C00ECEF0E /* ModelData.swift */ = {isa = PBXFileReference; lastKnownFileType = sourcecode.swift; path = ModelData.swift; sourceTree = "<group>"; };
		873BD3292C0C775700ECEF0E /* LandmarkRow.swift */ = {isa = PBXFileReference; lastKnownFileType = sourcecode.swift; path = LandmarkRow.swift; sourceTree = "<group>"; };
		873BD32B2C0C79B400ECEF0E /* LandmarkList.swift */ = {isa = PBXFileReference; lastKnownFileType = sourcecode.swift; path = LandmarkList.swift; sourceTree = "<group>"; };
		873BD32D2C0CA3A900ECEF0E /* LandmarkDetail.swift */ = {isa = PBXFileReference; lastKnownFileType = sourcecode.swift; path = LandmarkDetail.swift; sourceTree = "<group>"; };
		873BD32F2C0DFCB700ECEF0E /* FavoriteButton.swift */ = {isa = PBXFileReference; lastKnownFileType = sourcecode.swift; path = FavoriteButton.swift; sourceTree = "<group>"; };
		873BD3312C0FB5F300ECEF0E /* HexagonParameters.swift */ = {isa = PBXFileReference; lastKnownFileType = sourcecode.swift; path = HexagonParameters.swift; sourceTree = "<group>"; };
		873BD3332C0FB79200ECEF0E /* BadgeBackground.swift */ = {isa = PBXFileReference; lastKnownFileType = sourcecode.swift; path = BadgeBackground.swift; sourceTree = "<group>"; };
		873BD3352C0FBD4B00ECEF0E /* BadgeSymbol.swift */ = {isa = PBXFileReference; lastKnownFileType = sourcecode.swift; path = BadgeSymbol.swift; sourceTree = "<group>"; };
		873BD3372C10B3A300ECEF0E /* RotatedBadgeSymbol.swift */ = {isa = PBXFileReference; lastKnownFileType = sourcecode.swift; path = RotatedBadgeSymbol.swift; sourceTree = "<group>"; };
		873BD3392C10B42C00ECEF0E /* Badge.swift */ = {isa = PBXFileReference; lastKnownFileType = sourcecode.swift; path = Badge.swift; sourceTree = "<group>"; };
		87805A4B2C12617C00E9FF11 /* hikeData.json */ = {isa = PBXFileReference; fileEncoding = 4; lastKnownFileType = text.json; path = hikeData.json; sourceTree = "<group>"; };
		87805A4D2C1261C100E9FF11 /* Hike.swift */ = {isa = PBXFileReference; lastKnownFileType = sourcecode.swift; path = Hike.swift; sourceTree = "<group>"; };
		87805A4F2C12647400E9FF11 /* GraphCapsule.swift */ = {isa = PBXFileReference; fileEncoding = 4; lastKnownFileType = sourcecode.swift; path = GraphCapsule.swift; sourceTree = "<group>"; };
		87805A502C12647400E9FF11 /* HikeDetail.swift */ = {isa = PBXFileReference; fileEncoding = 4; lastKnownFileType = sourcecode.swift; path = HikeDetail.swift; sourceTree = "<group>"; };
		87805A512C12647400E9FF11 /* HikeGraph.swift */ = {isa = PBXFileReference; fileEncoding = 4; lastKnownFileType = sourcecode.swift; path = HikeGraph.swift; sourceTree = "<group>"; };
		87805A522C12647400E9FF11 /* HikeView.swift */ = {isa = PBXFileReference; fileEncoding = 4; lastKnownFileType = sourcecode.swift; path = HikeView.swift; sourceTree = "<group>"; };
		87805A592C14B69800E9FF11 /* CategoryHome.swift */ = {isa = PBXFileReference; lastKnownFileType = sourcecode.swift; path = CategoryHome.swift; sourceTree = "<group>"; };
		87805A5B2C14E09100E9FF11 /* CategoryRow.swift */ = {isa = PBXFileReference; lastKnownFileType = sourcecode.swift; path = CategoryRow.swift; sourceTree = "<group>"; };
		87805A5D2C14E27900E9FF11 /* CategoryItem.swift */ = {isa = PBXFileReference; lastKnownFileType = sourcecode.swift; path = CategoryItem.swift; sourceTree = "<group>"; };
		87805A5F2C15A57F00E9FF11 /* Profile.swift */ = {isa = PBXFileReference; lastKnownFileType = sourcecode.swift; path = Profile.swift; sourceTree = "<group>"; };
		87805A622C15A6EA00E9FF11 /* ProfileHost.swift */ = {isa = PBXFileReference; lastKnownFileType = sourcecode.swift; path = ProfileHost.swift; sourceTree = "<group>"; };
		87805A642C15A7BA00E9FF11 /* ProfileSummary.swift */ = {isa = PBXFileReference; lastKnownFileType = sourcecode.swift; path = ProfileSummary.swift; sourceTree = "<group>"; };
		87805A662C15AAD500E9FF11 /* HikeBadge.swift */ = {isa = PBXFileReference; lastKnownFileType = sourcecode.swift; path = HikeBadge.swift; sourceTree = "<group>"; };
		87805A682C15B40F00E9FF11 /* ProfileEditor.swift */ = {isa = PBXFileReference; lastKnownFileType = sourcecode.swift; path = ProfileEditor.swift; sourceTree = "<group>"; };
		87805A6B2C1604FE00E9FF11 /* PageViewController.swift */ = {isa = PBXFileReference; lastKnownFileType = sourcecode.swift; path = PageViewController.swift; sourceTree = "<group>"; };
		87805A6D2C16077300E9FF11 /* FeatureCard.swift */ = {isa = PBXFileReference; lastKnownFileType = sourcecode.swift; path = FeatureCard.swift; sourceTree = "<group>"; };
		87805A6F2C1609F500E9FF11 /* PageView.swift */ = {isa = PBXFileReference; lastKnownFileType = sourcecode.swift; path = PageView.swift; sourceTree = "<group>"; };
		87805A712C1888D500E9FF11 /* PageControl.swift */ = {isa = PBXFileReference; lastKnownFileType = sourcecode.swift; path = PageControl.swift; sourceTree = "<group>"; };
		87805A772C18A11500E9FF11 /* WatchLandmarks Watch App.app */ = {isa = PBXFileReference; explicitFileType = wrapper.application; includeInIndex = 0; path = "WatchLandmarks Watch App.app"; sourceTree = BUILT_PRODUCTS_DIR; };
		87805A7B2C18A11500E9FF11 /* ContentView.swift */ = {isa = PBXFileReference; lastKnownFileType = sourcecode.swift; path = ContentView.swift; sourceTree = "<group>"; };
		87805A7D2C18A11600E9FF11 /* Assets.xcassets */ = {isa = PBXFileReference; lastKnownFileType = folder.assetcatalog; path = Assets.xcassets; sourceTree = "<group>"; };
		87805A802C18A11600E9FF11 /* Preview Assets.xcassets */ = {isa = PBXFileReference; lastKnownFileType = folder.assetcatalog; path = "Preview Assets.xcassets"; sourceTree = "<group>"; };
		87805A962C18A34200E9FF11 /* LandmarkDetail.swift */ = {isa = PBXFileReference; lastKnownFileType = sourcecode.swift; path = LandmarkDetail.swift; sourceTree = "<group>"; };
		87805A982C18ED5F00E9FF11 /* NotificationView.swift */ = {isa = PBXFileReference; lastKnownFileType = sourcecode.swift; path = NotificationView.swift; sourceTree = "<group>"; };
		87805A9A2C18EE7E00E9FF11 /* NotificationController.swift */ = {isa = PBXFileReference; lastKnownFileType = sourcecode.swift; path = NotificationController.swift; sourceTree = "<group>"; };
		87805A9C2C18F2B300E9FF11 /* PushNotificationPayload.apns */ = {isa = PBXFileReference; lastKnownFileType = text; path = PushNotificationPayload.apns; sourceTree = "<group>"; };
		87805AA12C1B8B6500E9FF11 /* MacLandmarks.app */ = {isa = PBXFileReference; explicitFileType = wrapper.application; includeInIndex = 0; path = MacLandmarks.app; sourceTree = BUILT_PRODUCTS_DIR; };
		87805AA52C1B8B6500E9FF11 /* ContentView.swift */ = {isa = PBXFileReference; lastKnownFileType = sourcecode.swift; path = ContentView.swift; sourceTree = "<group>"; };
		87805AA72C1B8B6600E9FF11 /* Assets.xcassets */ = {isa = PBXFileReference; lastKnownFileType = folder.assetcatalog; path = Assets.xcassets; sourceTree = "<group>"; };
		87805AAA2C1B8B6600E9FF11 /* Preview Assets.xcassets */ = {isa = PBXFileReference; lastKnownFileType = folder.assetcatalog; path = "Preview Assets.xcassets"; sourceTree = "<group>"; };
		87805AAC2C1B8B6600E9FF11 /* MacLandmarks.entitlements */ = {isa = PBXFileReference; lastKnownFileType = text.plist.entitlements; path = MacLandmarks.entitlements; sourceTree = "<group>"; };
		87805ABD2C1B8EE500E9FF11 /* LandmarkDetail.swift */ = {isa = PBXFileReference; lastKnownFileType = sourcecode.swift; path = LandmarkDetail.swift; sourceTree = "<group>"; };
		87DAD2E52C1C4CC200B58D70 /* LandmarkList.swift */ = {isa = PBXFileReference; lastKnownFileType = sourcecode.swift; path = LandmarkList.swift; sourceTree = "<group>"; };
		87DAD2E72C1E003100B58D70 /* LandmarkCommands.swift */ = {isa = PBXFileReference; lastKnownFileType = sourcecode.swift; path = LandmarkCommands.swift; sourceTree = "<group>"; };
		87DAD2EA2C1E09D800B58D70 /* LandmarkSettings.swift */ = {isa = PBXFileReference; lastKnownFileType = sourcecode.swift; path = LandmarkSettings.swift; sourceTree = "<group>"; };
/* End PBXFileReference section */

/* Begin PBXFrameworksBuildPhase section */
		873BD2EB2C09290000ECEF0E /* Frameworks */ = {
			isa = PBXFrameworksBuildPhase;
			buildActionMask = 2147483647;
			files = (
			);
			runOnlyForDeploymentPostprocessing = 0;
		};
		873BD2FC2C09290100ECEF0E /* Frameworks */ = {
			isa = PBXFrameworksBuildPhase;
			buildActionMask = 2147483647;
			files = (
			);
			runOnlyForDeploymentPostprocessing = 0;
		};
		873BD3062C09290100ECEF0E /* Frameworks */ = {
			isa = PBXFrameworksBuildPhase;
			buildActionMask = 2147483647;
			files = (
			);
			runOnlyForDeploymentPostprocessing = 0;
		};
		87805A742C18A11500E9FF11 /* Frameworks */ = {
			isa = PBXFrameworksBuildPhase;
			buildActionMask = 2147483647;
			files = (
			);
			runOnlyForDeploymentPostprocessing = 0;
		};
		87805A9E2C1B8B6500E9FF11 /* Frameworks */ = {
			isa = PBXFrameworksBuildPhase;
			buildActionMask = 2147483647;
			files = (
			);
			runOnlyForDeploymentPostprocessing = 0;
		};
/* End PBXFrameworksBuildPhase section */

/* Begin PBXGroup section */
		873BD2E52C09290000ECEF0E = {
			isa = PBXGroup;
			children = (
				873BD2F02C09290000ECEF0E /* Landmarks */,
				873BD3022C09290100ECEF0E /* LandmarksTests */,
				873BD30C2C09290100ECEF0E /* LandmarksUITests */,
				87805A782C18A11500E9FF11 /* WatchLandmarks Watch App */,
				87805AA22C1B8B6500E9FF11 /* MacLandmarks */,
				873BD2EF2C09290000ECEF0E /* Products */,
			);
			sourceTree = "<group>";
		};
		873BD2EF2C09290000ECEF0E /* Products */ = {
			isa = PBXGroup;
			children = (
				873BD2EE2C09290000ECEF0E /* Landmarks.app */,
				873BD2FF2C09290100ECEF0E /* LandmarksTests.xctest */,
				873BD3092C09290100ECEF0E /* LandmarksUITests.xctest */,
				87805A772C18A11500E9FF11 /* WatchLandmarks Watch App.app */,
				87805AA12C1B8B6500E9FF11 /* MacLandmarks.app */,
			);
			name = Products;
			sourceTree = "<group>";
		};
		873BD2F02C09290000ECEF0E /* Landmarks */ = {
			isa = PBXGroup;
			children = (
				873BD2F12C09290000ECEF0E /* LandmarksApp.swift */,
				873BD3242C0C702000ECEF0E /* Models */,
				873BD3202C0C6F9F00ECEF0E /* Views */,
				87805A532C12647400E9FF11 /* Hikes */,
				873BD3212C0C6FC500ECEF0E /* Resources */,
				873BD2F82C09290100ECEF0E /* Preview Content */,
				873BD2F52C09290100ECEF0E /* Assets.xcassets */,
				873BD2F72C09290100ECEF0E /* Landmarks.entitlements */,
			);
			path = Landmarks;
			sourceTree = "<group>";
		};
		873BD2F82C09290100ECEF0E /* Preview Content */ = {
			isa = PBXGroup;
			children = (
				873BD2F92C09290100ECEF0E /* Preview Assets.xcassets */,
			);
			path = "Preview Content";
			sourceTree = "<group>";
		};
		873BD3022C09290100ECEF0E /* LandmarksTests */ = {
			isa = PBXGroup;
			children = (
				873BD3032C09290100ECEF0E /* LandmarksTests.swift */,
			);
			path = LandmarksTests;
			sourceTree = "<group>";
		};
		873BD30C2C09290100ECEF0E /* LandmarksUITests */ = {
			isa = PBXGroup;
			children = (
				873BD30D2C09290100ECEF0E /* LandmarksUITests.swift */,
				873BD30F2C09290100ECEF0E /* LandmarksUITestsLaunchTests.swift */,
			);
			path = LandmarksUITests;
			sourceTree = "<group>";
		};
		873BD3202C0C6F9F00ECEF0E /* Views */ = {
			isa = PBXGroup;
			children = (
				87805A582C14B68700E9FF11 /* Categories */,
				87805A612C15A6A800E9FF11 /* Profiles */,
				873BD33B2C10B75D00ECEF0E /* Badges */,
				87805A6A2C1604C300E9FF11 /* PageView */,
				873BD2F32C09290000ECEF0E /* ContentView.swift */,
				873BD31C2C0BD0C700ECEF0E /* CircleImage.swift */,
				873BD31E2C0BD2B500ECEF0E /* MapView.swift */,
				873BD32D2C0CA3A900ECEF0E /* LandmarkDetail.swift */,
				873BD3292C0C775700ECEF0E /* LandmarkRow.swift */,
				873BD32B2C0C79B400ECEF0E /* LandmarkList.swift */,
				873BD32F2C0DFCB700ECEF0E /* FavoriteButton.swift */,
				87805A6D2C16077300E9FF11 /* FeatureCard.swift */,
			);
			path = Views;
			sourceTree = "<group>";
		};
		873BD3212C0C6FC500ECEF0E /* Resources */ = {
			isa = PBXGroup;
			children = (
				87805A4B2C12617C00E9FF11 /* hikeData.json */,
				873BD3222C0C6FF300ECEF0E /* landmarkData.json */,
			);
			path = Resources;
			sourceTree = "<group>";
		};
		873BD3242C0C702000ECEF0E /* Models */ = {
			isa = PBXGroup;
			children = (
				873BD3252C0C705400ECEF0E /* Landmark.swift */,
				873BD3312C0FB5F300ECEF0E /* HexagonParameters.swift */,
				873BD3272C0C745C00ECEF0E /* ModelData.swift */,
				87805A4D2C1261C100E9FF11 /* Hike.swift */,
				87805A5F2C15A57F00E9FF11 /* Profile.swift */,
			);
			path = Models;
			sourceTree = "<group>";
		};
		873BD33B2C10B75D00ECEF0E /* Badges */ = {
			isa = PBXGroup;
			children = (
				873BD3332C0FB79200ECEF0E /* BadgeBackground.swift */,
				873BD3392C10B42C00ECEF0E /* Badge.swift */,
				873BD3352C0FBD4B00ECEF0E /* BadgeSymbol.swift */,
				873BD3372C10B3A300ECEF0E /* RotatedBadgeSymbol.swift */,
				87805A662C15AAD500E9FF11 /* HikeBadge.swift */,
			);
			path = Badges;
			sourceTree = "<group>";
		};
		87805A532C12647400E9FF11 /* Hikes */ = {
			isa = PBXGroup;
			children = (
				87805A4F2C12647400E9FF11 /* GraphCapsule.swift */,
				87805A502C12647400E9FF11 /* HikeDetail.swift */,
				87805A512C12647400E9FF11 /* HikeGraph.swift */,
				87805A522C12647400E9FF11 /* HikeView.swift */,
			);
			path = Hikes;
			sourceTree = "<group>";
		};
		87805A582C14B68700E9FF11 /* Categories */ = {
			isa = PBXGroup;
			children = (
				87805A592C14B69800E9FF11 /* CategoryHome.swift */,
				87805A5B2C14E09100E9FF11 /* CategoryRow.swift */,
				87805A5D2C14E27900E9FF11 /* CategoryItem.swift */,
			);
			path = Categories;
			sourceTree = "<group>";
		};
		87805A612C15A6A800E9FF11 /* Profiles */ = {
			isa = PBXGroup;
			children = (
				87805A622C15A6EA00E9FF11 /* ProfileHost.swift */,
				87805A642C15A7BA00E9FF11 /* ProfileSummary.swift */,
				87805A682C15B40F00E9FF11 /* ProfileEditor.swift */,
			);
			path = Profiles;
			sourceTree = "<group>";
		};
		87805A6A2C1604C300E9FF11 /* PageView */ = {
			isa = PBXGroup;
			children = (
				87805A6B2C1604FE00E9FF11 /* PageViewController.swift */,
				87805A712C1888D500E9FF11 /* PageControl.swift */,
				87805A6F2C1609F500E9FF11 /* PageView.swift */,
			);
			path = PageView;
			sourceTree = "<group>";
		};
		87805A782C18A11500E9FF11 /* WatchLandmarks Watch App */ = {
			isa = PBXGroup;
			children = (
				87805A7B2C18A11500E9FF11 /* ContentView.swift */,
				87805A962C18A34200E9FF11 /* LandmarkDetail.swift */,
				87DAD2E52C1C4CC200B58D70 /* LandmarkList.swift */,
				87805A982C18ED5F00E9FF11 /* NotificationView.swift */,
				87805A9A2C18EE7E00E9FF11 /* NotificationController.swift */,
				87805A7D2C18A11600E9FF11 /* Assets.xcassets */,
				87805A9C2C18F2B300E9FF11 /* PushNotificationPayload.apns */,
				87805A7F2C18A11600E9FF11 /* Preview Content */,
			);
			path = "WatchLandmarks Watch App";
			sourceTree = "<group>";
		};
		87805A7F2C18A11600E9FF11 /* Preview Content */ = {
			isa = PBXGroup;
			children = (
				87805A802C18A11600E9FF11 /* Preview Assets.xcassets */,
			);
			path = "Preview Content";
			sourceTree = "<group>";
		};
		87805AA22C1B8B6500E9FF11 /* MacLandmarks */ = {
			isa = PBXGroup;
			children = (
				87805AA52C1B8B6500E9FF11 /* ContentView.swift */,
				87805ABD2C1B8EE500E9FF11 /* LandmarkDetail.swift */,
				87DAD2E72C1E003100B58D70 /* LandmarkCommands.swift */,
				87DAD2EA2C1E09D800B58D70 /* LandmarkSettings.swift */,
				87805AA72C1B8B6600E9FF11 /* Assets.xcassets */,
				87805AAC2C1B8B6600E9FF11 /* MacLandmarks.entitlements */,
				87805AA92C1B8B6600E9FF11 /* Preview Content */,
			);
			path = MacLandmarks;
			sourceTree = "<group>";
		};
		87805AA92C1B8B6600E9FF11 /* Preview Content */ = {
			isa = PBXGroup;
			children = (
				87805AAA2C1B8B6600E9FF11 /* Preview Assets.xcassets */,
			);
			path = "Preview Content";
			sourceTree = "<group>";
		};
/* End PBXGroup section */

/* Begin PBXNativeTarget section */
		873BD2ED2C09290000ECEF0E /* Landmarks */ = {
			isa = PBXNativeTarget;
			buildConfigurationList = 873BD3132C09290100ECEF0E /* Build configuration list for PBXNativeTarget "Landmarks" */;
			buildPhases = (
				873BD2EA2C09290000ECEF0E /* Sources */,
				873BD2EB2C09290000ECEF0E /* Frameworks */,
				873BD2EC2C09290000ECEF0E /* Resources */,
				87805A882C18A11600E9FF11 /* Embed Watch Content */,
			);
			buildRules = (
			);
			dependencies = (
				87805A832C18A11600E9FF11 /* PBXTargetDependency */,
			);
			name = Landmarks;
			productName = Landmarks;
			productReference = 873BD2EE2C09290000ECEF0E /* Landmarks.app */;
			productType = "com.apple.product-type.application";
		};
		873BD2FE2C09290100ECEF0E /* LandmarksTests */ = {
			isa = PBXNativeTarget;
			buildConfigurationList = 873BD3162C09290100ECEF0E /* Build configuration list for PBXNativeTarget "LandmarksTests" */;
			buildPhases = (
				873BD2FB2C09290100ECEF0E /* Sources */,
				873BD2FC2C09290100ECEF0E /* Frameworks */,
				873BD2FD2C09290100ECEF0E /* Resources */,
			);
			buildRules = (
			);
			dependencies = (
				873BD3012C09290100ECEF0E /* PBXTargetDependency */,
			);
			name = LandmarksTests;
			productName = LandmarksTests;
			productReference = 873BD2FF2C09290100ECEF0E /* LandmarksTests.xctest */;
			productType = "com.apple.product-type.bundle.unit-test";
		};
		873BD3082C09290100ECEF0E /* LandmarksUITests */ = {
			isa = PBXNativeTarget;
			buildConfigurationList = 873BD3192C09290100ECEF0E /* Build configuration list for PBXNativeTarget "LandmarksUITests" */;
			buildPhases = (
				873BD3052C09290100ECEF0E /* Sources */,
				873BD3062C09290100ECEF0E /* Frameworks */,
				873BD3072C09290100ECEF0E /* Resources */,
			);
			buildRules = (
			);
			dependencies = (
				873BD30B2C09290100ECEF0E /* PBXTargetDependency */,
			);
			name = LandmarksUITests;
			productName = LandmarksUITests;
			productReference = 873BD3092C09290100ECEF0E /* LandmarksUITests.xctest */;
			productType = "com.apple.product-type.bundle.ui-testing";
		};
		87805A762C18A11500E9FF11 /* WatchLandmarks Watch App */ = {
			isa = PBXNativeTarget;
			buildConfigurationList = 87805A852C18A11600E9FF11 /* Build configuration list for PBXNativeTarget "WatchLandmarks Watch App" */;
			buildPhases = (
				87805A732C18A11500E9FF11 /* Sources */,
				87805A742C18A11500E9FF11 /* Frameworks */,
				87805A752C18A11500E9FF11 /* Resources */,
			);
			buildRules = (
			);
			dependencies = (
			);
			name = "WatchLandmarks Watch App";
			productName = "WatchLandmarks Watch App";
			productReference = 87805A772C18A11500E9FF11 /* WatchLandmarks Watch App.app */;
			productType = "com.apple.product-type.application";
		};
		87805AA02C1B8B6500E9FF11 /* MacLandmarks */ = {
			isa = PBXNativeTarget;
			buildConfigurationList = 87805AAD2C1B8B6600E9FF11 /* Build configuration list for PBXNativeTarget "MacLandmarks" */;
			buildPhases = (
				87805A9D2C1B8B6500E9FF11 /* Sources */,
				87805A9E2C1B8B6500E9FF11 /* Frameworks */,
				87805A9F2C1B8B6500E9FF11 /* Resources */,
			);
			buildRules = (
			);
			dependencies = (
			);
			name = MacLandmarks;
			productName = MacLandmarks;
			productReference = 87805AA12C1B8B6500E9FF11 /* MacLandmarks.app */;
			productType = "com.apple.product-type.application";
		};
/* End PBXNativeTarget section */

/* Begin PBXProject section */
		873BD2E62C09290000ECEF0E /* Project object */ = {
			isa = PBXProject;
			attributes = {
				BuildIndependentTargetsInParallel = 1;
				LastSwiftUpdateCheck = 1530;
				LastUpgradeCheck = 1530;
				TargetAttributes = {
					873BD2ED2C09290000ECEF0E = {
						CreatedOnToolsVersion = 15.3;
					};
					873BD2FE2C09290100ECEF0E = {
						CreatedOnToolsVersion = 15.3;
						TestTargetID = 873BD2ED2C09290000ECEF0E;
					};
					873BD3082C09290100ECEF0E = {
						CreatedOnToolsVersion = 15.3;
						TestTargetID = 873BD2ED2C09290000ECEF0E;
					};
					87805A762C18A11500E9FF11 = {
						CreatedOnToolsVersion = 15.3;
					};
					87805AA02C1B8B6500E9FF11 = {
						CreatedOnToolsVersion = 15.3;
					};
				};
			};
			buildConfigurationList = 873BD2E92C09290000ECEF0E /* Build configuration list for PBXProject "Landmarks" */;
			compatibilityVersion = "Xcode 14.0";
			developmentRegion = en;
			hasScannedForEncodings = 0;
			knownRegions = (
				en,
				Base,
			);
			mainGroup = 873BD2E52C09290000ECEF0E;
			productRefGroup = 873BD2EF2C09290000ECEF0E /* Products */;
			projectDirPath = "";
			projectRoot = "";
			targets = (
				873BD2ED2C09290000ECEF0E /* Landmarks */,
				873BD2FE2C09290100ECEF0E /* LandmarksTests */,
				873BD3082C09290100ECEF0E /* LandmarksUITests */,
				87805A762C18A11500E9FF11 /* WatchLandmarks Watch App */,
				87805AA02C1B8B6500E9FF11 /* MacLandmarks */,
			);
		};
/* End PBXProject section */

/* Begin PBXResourcesBuildPhase section */
		873BD2EC2C09290000ECEF0E /* Resources */ = {
			isa = PBXResourcesBuildPhase;
			buildActionMask = 2147483647;
			files = (
				87805A4C2C12617C00E9FF11 /* hikeData.json in Resources */,
				873BD2FA2C09290100ECEF0E /* Preview Assets.xcassets in Resources */,
				873BD2F62C09290100ECEF0E /* Assets.xcassets in Resources */,
				873BD3232C0C6FF300ECEF0E /* landmarkData.json in Resources */,
			);
			runOnlyForDeploymentPostprocessing = 0;
		};
		873BD2FD2C09290100ECEF0E /* Resources */ = {
			isa = PBXResourcesBuildPhase;
			buildActionMask = 2147483647;
			files = (
			);
			runOnlyForDeploymentPostprocessing = 0;
		};
		873BD3072C09290100ECEF0E /* Resources */ = {
			isa = PBXResourcesBuildPhase;
			buildActionMask = 2147483647;
			files = (
			);
			runOnlyForDeploymentPostprocessing = 0;
		};
		87805A752C18A11500E9FF11 /* Resources */ = {
			isa = PBXResourcesBuildPhase;
			buildActionMask = 2147483647;
			files = (
				87805A812C18A11600E9FF11 /* Preview Assets.xcassets in Resources */,
				87805A932C18A27400E9FF11 /* landmarkData.json in Resources */,
				87805A942C18A27400E9FF11 /* Assets.xcassets in Resources */,
				87805A952C18A27400E9FF11 /* hikeData.json in Resources */,
				87805A7E2C18A11600E9FF11 /* Assets.xcassets in Resources */,
			);
			runOnlyForDeploymentPostprocessing = 0;
		};
		87805A9F2C1B8B6500E9FF11 /* Resources */ = {
			isa = PBXResourcesBuildPhase;
			buildActionMask = 2147483647;
			files = (
				87805AB02C1B8D0100E9FF11 /* hikeData.json in Resources */,
				87805AB12C1B8D0100E9FF11 /* Assets.xcassets in Resources */,
				87805AB22C1B8D0100E9FF11 /* landmarkData.json in Resources */,
				87805AAB2C1B8B6600E9FF11 /* Preview Assets.xcassets in Resources */,
				87805AA82C1B8B6600E9FF11 /* Assets.xcassets in Resources */,
			);
			runOnlyForDeploymentPostprocessing = 0;
		};
/* End PBXResourcesBuildPhase section */

/* Begin PBXSourcesBuildPhase section */
		873BD2EA2C09290000ECEF0E /* Sources */ = {
			isa = PBXSourcesBuildPhase;
			buildActionMask = 2147483647;
			files = (
				87805A5C2C14E09100E9FF11 /* CategoryRow.swift in Sources */,
				87805A602C15A57F00E9FF11 /* Profile.swift in Sources */,
				87DAD2E82C1E003100B58D70 /* LandmarkCommands.swift in Sources */,
				873BD2F42C09290000ECEF0E /* ContentView.swift in Sources */,
				87805A5A2C14B69800E9FF11 /* CategoryHome.swift in Sources */,
				87805A6E2C16077300E9FF11 /* FeatureCard.swift in Sources */,
				873BD33A2C10B42C00ECEF0E /* Badge.swift in Sources */,
				873BD31F2C0BD2B500ECEF0E /* MapView.swift in Sources */,
				87805A542C12647400E9FF11 /* GraphCapsule.swift in Sources */,
				87805A562C12647400E9FF11 /* HikeGraph.swift in Sources */,
				873BD2F22C09290000ECEF0E /* LandmarksApp.swift in Sources */,
				87805A722C1888D500E9FF11 /* PageControl.swift in Sources */,
				873BD3302C0DFCB700ECEF0E /* FavoriteButton.swift in Sources */,
				87805A5E2C14E27900E9FF11 /* CategoryItem.swift in Sources */,
				873BD3322C0FB5F300ECEF0E /* HexagonParameters.swift in Sources */,
				87805A652C15A7BA00E9FF11 /* ProfileSummary.swift in Sources */,
				87805A4E2C1261C100E9FF11 /* Hike.swift in Sources */,
				87805A632C15A6EA00E9FF11 /* ProfileHost.swift in Sources */,
				873BD3382C10B3A300ECEF0E /* RotatedBadgeSymbol.swift in Sources */,
				873BD3362C0FBD4B00ECEF0E /* BadgeSymbol.swift in Sources */,
				87805A702C1609F500E9FF11 /* PageView.swift in Sources */,
				873BD32C2C0C79B400ECEF0E /* LandmarkList.swift in Sources */,
				87805A692C15B40F00E9FF11 /* ProfileEditor.swift in Sources */,
				87805A552C12647400E9FF11 /* HikeDetail.swift in Sources */,
				87805A572C12647400E9FF11 /* HikeView.swift in Sources */,
				873BD32E2C0CA3A900ECEF0E /* LandmarkDetail.swift in Sources */,
				87805A6C2C1604FE00E9FF11 /* PageViewController.swift in Sources */,
				873BD3342C0FB79200ECEF0E /* BadgeBackground.swift in Sources */,
				87805A672C15AAD500E9FF11 /* HikeBadge.swift in Sources */,
				873BD31D2C0BD0C700ECEF0E /* CircleImage.swift in Sources */,
				873BD3262C0C705400ECEF0E /* Landmark.swift in Sources */,
				873BD32A2C0C775700ECEF0E /* LandmarkRow.swift in Sources */,
				873BD3282C0C745C00ECEF0E /* ModelData.swift in Sources */,
			);
			runOnlyForDeploymentPostprocessing = 0;
		};
		873BD2FB2C09290100ECEF0E /* Sources */ = {
			isa = PBXSourcesBuildPhase;
			buildActionMask = 2147483647;
			files = (
				873BD3042C09290100ECEF0E /* LandmarksTests.swift in Sources */,
			);
			runOnlyForDeploymentPostprocessing = 0;
		};
		873BD3052C09290100ECEF0E /* Sources */ = {
			isa = PBXSourcesBuildPhase;
			buildActionMask = 2147483647;
			files = (
				873BD3102C09290100ECEF0E /* LandmarksUITestsLaunchTests.swift in Sources */,
				873BD30E2C09290100ECEF0E /* LandmarksUITests.swift in Sources */,
			);
			runOnlyForDeploymentPostprocessing = 0;
		};
		87805A732C18A11500E9FF11 /* Sources */ = {
			isa = PBXSourcesBuildPhase;
			buildActionMask = 2147483647;
			files = (
				87805A7C2C18A11500E9FF11 /* ContentView.swift in Sources */,
				87805A892C18A27400E9FF11 /* ModelData.swift in Sources */,
				87805A8A2C18A27400E9FF11 /* HexagonParameters.swift in Sources */,
				87805A992C18ED5F00E9FF11 /* NotificationView.swift in Sources */,
				87DAD2E62C1C4CC200B58D70 /* LandmarkList.swift in Sources */,
				87805A8B2C18A27400E9FF11 /* LandmarkRow.swift in Sources */,
				87805A972C18A34200E9FF11 /* LandmarkDetail.swift in Sources */,
				87805A8C2C18A27400E9FF11 /* Profile.swift in Sources */,
				87805A8D2C18A27400E9FF11 /* LandmarksApp.swift in Sources */,
				87805A8E2C18A27400E9FF11 /* CircleImage.swift in Sources */,
				87805A8F2C18A27400E9FF11 /* Landmark.swift in Sources */,
				87805A9B2C18EE7E00E9FF11 /* NotificationController.swift in Sources */,
				87805A902C18A27400E9FF11 /* Hike.swift in Sources */,
				87805A922C18A27400E9FF11 /* MapView.swift in Sources */,
			);
			runOnlyForDeploymentPostprocessing = 0;
		};
		87805A9D2C1B8B6500E9FF11 /* Sources */ = {
			isa = PBXSourcesBuildPhase;
			buildActionMask = 2147483647;
			files = (
				87805AB32C1B8D0100E9FF11 /* Profile.swift in Sources */,
				87805AB42C1B8D0100E9FF11 /* MapView.swift in Sources */,
				87DAD2EC2C1E09D800B58D70 /* LandmarkSettings.swift in Sources */,
				87805AB52C1B8D0100E9FF11 /* LandmarkRow.swift in Sources */,
				87805AB62C1B8D0100E9FF11 /* LandmarkList.swift in Sources */,
				87DAD2E92C1E003100B58D70 /* LandmarkCommands.swift in Sources */,
				87805ABE2C1B8EE500E9FF11 /* LandmarkDetail.swift in Sources */,
				87805AB72C1B8D0100E9FF11 /* FavoriteButton.swift in Sources */,
				87805AB82C1B8D0100E9FF11 /* CircleImage.swift in Sources */,
				87805AB92C1B8D0100E9FF11 /* LandmarksApp.swift in Sources */,
				87805ABA2C1B8D0100E9FF11 /* Landmark.swift in Sources */,
				87805ABB2C1B8D0100E9FF11 /* Hike.swift in Sources */,
				87805ABC2C1B8D0100E9FF11 /* ModelData.swift in Sources */,
				87805AA62C1B8B6500E9FF11 /* ContentView.swift in Sources */,
			);
			runOnlyForDeploymentPostprocessing = 0;
		};
/* End PBXSourcesBuildPhase section */

/* Begin PBXTargetDependency section */
		873BD3012C09290100ECEF0E /* PBXTargetDependency */ = {
			isa = PBXTargetDependency;
			target = 873BD2ED2C09290000ECEF0E /* Landmarks */;
			targetProxy = 873BD3002C09290100ECEF0E /* PBXContainerItemProxy */;
		};
		873BD30B2C09290100ECEF0E /* PBXTargetDependency */ = {
			isa = PBXTargetDependency;
			target = 873BD2ED2C09290000ECEF0E /* Landmarks */;
			targetProxy = 873BD30A2C09290100ECEF0E /* PBXContainerItemProxy */;
		};
		87805A832C18A11600E9FF11 /* PBXTargetDependency */ = {
			isa = PBXTargetDependency;
			target = 87805A762C18A11500E9FF11 /* WatchLandmarks Watch App */;
			targetProxy = 87805A822C18A11600E9FF11 /* PBXContainerItemProxy */;
		};
/* End PBXTargetDependency section */

/* Begin XCBuildConfiguration section */
		873BD3112C09290100ECEF0E /* Debug */ = {
			isa = XCBuildConfiguration;
			buildSettings = {
				ALWAYS_SEARCH_USER_PATHS = NO;
				ASSETCATALOG_COMPILER_GENERATE_SWIFT_ASSET_SYMBOL_EXTENSIONS = YES;
				CLANG_ANALYZER_NONNULL = YES;
				CLANG_ANALYZER_NUMBER_OBJECT_CONVERSION = YES_AGGRESSIVE;
				CLANG_CXX_LANGUAGE_STANDARD = "gnu++20";
				CLANG_ENABLE_MODULES = YES;
				CLANG_ENABLE_OBJC_ARC = YES;
				CLANG_ENABLE_OBJC_WEAK = YES;
				CLANG_WARN_BLOCK_CAPTURE_AUTORELEASING = YES;
				CLANG_WARN_BOOL_CONVERSION = YES;
				CLANG_WARN_COMMA = YES;
				CLANG_WARN_CONSTANT_CONVERSION = YES;
				CLANG_WARN_DEPRECATED_OBJC_IMPLEMENTATIONS = YES;
				CLANG_WARN_DIRECT_OBJC_ISA_USAGE = YES_ERROR;
				CLANG_WARN_DOCUMENTATION_COMMENTS = YES;
				CLANG_WARN_EMPTY_BODY = YES;
				CLANG_WARN_ENUM_CONVERSION = YES;
				CLANG_WARN_INFINITE_RECURSION = YES;
				CLANG_WARN_INT_CONVERSION = YES;
				CLANG_WARN_NON_LITERAL_NULL_CONVERSION = YES;
				CLANG_WARN_OBJC_IMPLICIT_RETAIN_SELF = YES;
				CLANG_WARN_OBJC_LITERAL_CONVERSION = YES;
				CLANG_WARN_OBJC_ROOT_CLASS = YES_ERROR;
				CLANG_WARN_QUOTED_INCLUDE_IN_FRAMEWORK_HEADER = YES;
				CLANG_WARN_RANGE_LOOP_ANALYSIS = YES;
				CLANG_WARN_STRICT_PROTOTYPES = YES;
				CLANG_WARN_SUSPICIOUS_MOVE = YES;
				CLANG_WARN_UNGUARDED_AVAILABILITY = YES_AGGRESSIVE;
				CLANG_WARN_UNREACHABLE_CODE = YES;
				CLANG_WARN__DUPLICATE_METHOD_MATCH = YES;
				COPY_PHASE_STRIP = NO;
				DEBUG_INFORMATION_FORMAT = dwarf;
				ENABLE_STRICT_OBJC_MSGSEND = YES;
				ENABLE_TESTABILITY = YES;
				ENABLE_USER_SCRIPT_SANDBOXING = YES;
				GCC_C_LANGUAGE_STANDARD = gnu17;
				GCC_DYNAMIC_NO_PIC = NO;
				GCC_NO_COMMON_BLOCKS = YES;
				GCC_OPTIMIZATION_LEVEL = 0;
				GCC_PREPROCESSOR_DEFINITIONS = (
					"DEBUG=1",
					"$(inherited)",
				);
				GCC_WARN_64_TO_32_BIT_CONVERSION = YES;
				GCC_WARN_ABOUT_RETURN_TYPE = YES_ERROR;
				GCC_WARN_UNDECLARED_SELECTOR = YES;
				GCC_WARN_UNINITIALIZED_AUTOS = YES_AGGRESSIVE;
				GCC_WARN_UNUSED_FUNCTION = YES;
				GCC_WARN_UNUSED_VARIABLE = YES;
				LOCALIZATION_PREFERS_STRING_CATALOGS = YES;
				MTL_ENABLE_DEBUG_INFO = INCLUDE_SOURCE;
				MTL_FAST_MATH = YES;
				ONLY_ACTIVE_ARCH = YES;
				SWIFT_ACTIVE_COMPILATION_CONDITIONS = "DEBUG $(inherited)";
				SWIFT_OPTIMIZATION_LEVEL = "-Onone";
			};
			name = Debug;
		};
		873BD3122C09290100ECEF0E /* Release */ = {
			isa = XCBuildConfiguration;
			buildSettings = {
				ALWAYS_SEARCH_USER_PATHS = NO;
				ASSETCATALOG_COMPILER_GENERATE_SWIFT_ASSET_SYMBOL_EXTENSIONS = YES;
				CLANG_ANALYZER_NONNULL = YES;
				CLANG_ANALYZER_NUMBER_OBJECT_CONVERSION = YES_AGGRESSIVE;
				CLANG_CXX_LANGUAGE_STANDARD = "gnu++20";
				CLANG_ENABLE_MODULES = YES;
				CLANG_ENABLE_OBJC_ARC = YES;
				CLANG_ENABLE_OBJC_WEAK = YES;
				CLANG_WARN_BLOCK_CAPTURE_AUTORELEASING = YES;
				CLANG_WARN_BOOL_CONVERSION = YES;
				CLANG_WARN_COMMA = YES;
				CLANG_WARN_CONSTANT_CONVERSION = YES;
				CLANG_WARN_DEPRECATED_OBJC_IMPLEMENTATIONS = YES;
				CLANG_WARN_DIRECT_OBJC_ISA_USAGE = YES_ERROR;
				CLANG_WARN_DOCUMENTATION_COMMENTS = YES;
				CLANG_WARN_EMPTY_BODY = YES;
				CLANG_WARN_ENUM_CONVERSION = YES;
				CLANG_WARN_INFINITE_RECURSION = YES;
				CLANG_WARN_INT_CONVERSION = YES;
				CLANG_WARN_NON_LITERAL_NULL_CONVERSION = YES;
				CLANG_WARN_OBJC_IMPLICIT_RETAIN_SELF = YES;
				CLANG_WARN_OBJC_LITERAL_CONVERSION = YES;
				CLANG_WARN_OBJC_ROOT_CLASS = YES_ERROR;
				CLANG_WARN_QUOTED_INCLUDE_IN_FRAMEWORK_HEADER = YES;
				CLANG_WARN_RANGE_LOOP_ANALYSIS = YES;
				CLANG_WARN_STRICT_PROTOTYPES = YES;
				CLANG_WARN_SUSPICIOUS_MOVE = YES;
				CLANG_WARN_UNGUARDED_AVAILABILITY = YES_AGGRESSIVE;
				CLANG_WARN_UNREACHABLE_CODE = YES;
				CLANG_WARN__DUPLICATE_METHOD_MATCH = YES;
				COPY_PHASE_STRIP = NO;
				DEBUG_INFORMATION_FORMAT = "dwarf-with-dsym";
				ENABLE_NS_ASSERTIONS = NO;
				ENABLE_STRICT_OBJC_MSGSEND = YES;
				ENABLE_USER_SCRIPT_SANDBOXING = YES;
				GCC_C_LANGUAGE_STANDARD = gnu17;
				GCC_NO_COMMON_BLOCKS = YES;
				GCC_WARN_64_TO_32_BIT_CONVERSION = YES;
				GCC_WARN_ABOUT_RETURN_TYPE = YES_ERROR;
				GCC_WARN_UNDECLARED_SELECTOR = YES;
				GCC_WARN_UNINITIALIZED_AUTOS = YES_AGGRESSIVE;
				GCC_WARN_UNUSED_FUNCTION = YES;
				GCC_WARN_UNUSED_VARIABLE = YES;
				LOCALIZATION_PREFERS_STRING_CATALOGS = YES;
				MTL_ENABLE_DEBUG_INFO = NO;
				MTL_FAST_MATH = YES;
				SWIFT_COMPILATION_MODE = wholemodule;
			};
			name = Release;
		};
		873BD3142C09290100ECEF0E /* Debug */ = {
			isa = XCBuildConfiguration;
			buildSettings = {
				ALWAYS_EMBED_SWIFT_STANDARD_LIBRARIES = YES;
				ASSETCATALOG_COMPILER_APPICON_NAME = AppIcon;
				ASSETCATALOG_COMPILER_GLOBAL_ACCENT_COLOR_NAME = AccentColor;
				CODE_SIGN_ENTITLEMENTS = Landmarks/Landmarks.entitlements;
				CODE_SIGN_STYLE = Automatic;
				CURRENT_PROJECT_VERSION = 1;
				DEVELOPMENT_ASSET_PATHS = "\"Landmarks/Preview Content\"";
				DEVELOPMENT_TEAM = JMYF9P9VY4;
				ENABLE_HARDENED_RUNTIME = YES;
				ENABLE_PREVIEWS = YES;
				GENERATE_INFOPLIST_FILE = YES;
				"INFOPLIST_KEY_UIApplicationSceneManifest_Generation[sdk=iphoneos*]" = YES;
				"INFOPLIST_KEY_UIApplicationSceneManifest_Generation[sdk=iphonesimulator*]" = YES;
				"INFOPLIST_KEY_UIApplicationSupportsIndirectInputEvents[sdk=iphoneos*]" = YES;
				"INFOPLIST_KEY_UIApplicationSupportsIndirectInputEvents[sdk=iphonesimulator*]" = YES;
				"INFOPLIST_KEY_UILaunchScreen_Generation[sdk=iphoneos*]" = YES;
				"INFOPLIST_KEY_UILaunchScreen_Generation[sdk=iphonesimulator*]" = YES;
				"INFOPLIST_KEY_UIStatusBarStyle[sdk=iphoneos*]" = UIStatusBarStyleDefault;
				"INFOPLIST_KEY_UIStatusBarStyle[sdk=iphonesimulator*]" = UIStatusBarStyleDefault;
				INFOPLIST_KEY_UISupportedInterfaceOrientations_iPad = "UIInterfaceOrientationPortrait UIInterfaceOrientationPortraitUpsideDown UIInterfaceOrientationLandscapeLeft UIInterfaceOrientationLandscapeRight";
				INFOPLIST_KEY_UISupportedInterfaceOrientations_iPhone = "UIInterfaceOrientationPortrait UIInterfaceOrientationLandscapeLeft UIInterfaceOrientationLandscapeRight";
				IPHONEOS_DEPLOYMENT_TARGET = 17.4;
				LD_RUNPATH_SEARCH_PATHS = "@executable_path/Frameworks";
				"LD_RUNPATH_SEARCH_PATHS[sdk=macosx*]" = "@executable_path/../Frameworks";
				MACOSX_DEPLOYMENT_TARGET = 14.3;
				MARKETING_VERSION = 1.0;
				PRODUCT_BUNDLE_IDENTIFIER = com.akberov.Landmarks;
				PRODUCT_NAME = "$(TARGET_NAME)";
				SDKROOT = auto;
				SUPPORTED_PLATFORMS = "iphoneos iphonesimulator macosx";
				SWIFT_EMIT_LOC_STRINGS = YES;
				SWIFT_VERSION = 5.0;
				TARGETED_DEVICE_FAMILY = "1,2";
			};
			name = Debug;
		};
		873BD3152C09290100ECEF0E /* Release */ = {
			isa = XCBuildConfiguration;
			buildSettings = {
				ALWAYS_EMBED_SWIFT_STANDARD_LIBRARIES = YES;
				ASSETCATALOG_COMPILER_APPICON_NAME = AppIcon;
				ASSETCATALOG_COMPILER_GLOBAL_ACCENT_COLOR_NAME = AccentColor;
				CODE_SIGN_ENTITLEMENTS = Landmarks/Landmarks.entitlements;
				CODE_SIGN_STYLE = Automatic;
				CURRENT_PROJECT_VERSION = 1;
				DEVELOPMENT_ASSET_PATHS = "\"Landmarks/Preview Content\"";
				DEVELOPMENT_TEAM = JMYF9P9VY4;
				ENABLE_HARDENED_RUNTIME = YES;
				ENABLE_PREVIEWS = YES;
				GENERATE_INFOPLIST_FILE = YES;
				"INFOPLIST_KEY_UIApplicationSceneManifest_Generation[sdk=iphoneos*]" = YES;
				"INFOPLIST_KEY_UIApplicationSceneManifest_Generation[sdk=iphonesimulator*]" = YES;
				"INFOPLIST_KEY_UIApplicationSupportsIndirectInputEvents[sdk=iphoneos*]" = YES;
				"INFOPLIST_KEY_UIApplicationSupportsIndirectInputEvents[sdk=iphonesimulator*]" = YES;
				"INFOPLIST_KEY_UILaunchScreen_Generation[sdk=iphoneos*]" = YES;
				"INFOPLIST_KEY_UILaunchScreen_Generation[sdk=iphonesimulator*]" = YES;
				"INFOPLIST_KEY_UIStatusBarStyle[sdk=iphoneos*]" = UIStatusBarStyleDefault;
				"INFOPLIST_KEY_UIStatusBarStyle[sdk=iphonesimulator*]" = UIStatusBarStyleDefault;
				INFOPLIST_KEY_UISupportedInterfaceOrientations_iPad = "UIInterfaceOrientationPortrait UIInterfaceOrientationPortraitUpsideDown UIInterfaceOrientationLandscapeLeft UIInterfaceOrientationLandscapeRight";
				INFOPLIST_KEY_UISupportedInterfaceOrientations_iPhone = "UIInterfaceOrientationPortrait UIInterfaceOrientationLandscapeLeft UIInterfaceOrientationLandscapeRight";
				IPHONEOS_DEPLOYMENT_TARGET = 17.4;
				LD_RUNPATH_SEARCH_PATHS = "@executable_path/Frameworks";
				"LD_RUNPATH_SEARCH_PATHS[sdk=macosx*]" = "@executable_path/../Frameworks";
				MACOSX_DEPLOYMENT_TARGET = 14.3;
				MARKETING_VERSION = 1.0;
				PRODUCT_BUNDLE_IDENTIFIER = com.akberov.Landmarks;
				PRODUCT_NAME = "$(TARGET_NAME)";
				SDKROOT = auto;
				SUPPORTED_PLATFORMS = "iphoneos iphonesimulator macosx";
				SWIFT_EMIT_LOC_STRINGS = YES;
				SWIFT_VERSION = 5.0;
				TARGETED_DEVICE_FAMILY = "1,2";
			};
			name = Release;
		};
		873BD3172C09290100ECEF0E /* Debug */ = {
			isa = XCBuildConfiguration;
			buildSettings = {
				ALWAYS_EMBED_SWIFT_STANDARD_LIBRARIES = YES;
				BUNDLE_LOADER = "$(TEST_HOST)";
				CODE_SIGN_STYLE = Automatic;
				CURRENT_PROJECT_VERSION = 1;
				DEVELOPMENT_TEAM = JMYF9P9VY4;
				GENERATE_INFOPLIST_FILE = YES;
				IPHONEOS_DEPLOYMENT_TARGET = 17.4;
				MACOSX_DEPLOYMENT_TARGET = 14.3;
				MARKETING_VERSION = 1.0;
				PRODUCT_BUNDLE_IDENTIFIER = com.akberov.LandmarksTests;
				PRODUCT_NAME = "$(TARGET_NAME)";
				SDKROOT = auto;
				SUPPORTED_PLATFORMS = "iphoneos iphonesimulator macosx";
				SWIFT_EMIT_LOC_STRINGS = NO;
				SWIFT_VERSION = 5.0;
				TARGETED_DEVICE_FAMILY = "1,2";
				TEST_HOST = "$(BUILT_PRODUCTS_DIR)/Landmarks.app/$(BUNDLE_EXECUTABLE_FOLDER_PATH)/Landmarks";
			};
			name = Debug;
		};
		873BD3182C09290100ECEF0E /* Release */ = {
			isa = XCBuildConfiguration;
			buildSettings = {
				ALWAYS_EMBED_SWIFT_STANDARD_LIBRARIES = YES;
				BUNDLE_LOADER = "$(TEST_HOST)";
				CODE_SIGN_STYLE = Automatic;
				CURRENT_PROJECT_VERSION = 1;
				DEVELOPMENT_TEAM = JMYF9P9VY4;
				GENERATE_INFOPLIST_FILE = YES;
				IPHONEOS_DEPLOYMENT_TARGET = 17.4;
				MACOSX_DEPLOYMENT_TARGET = 14.3;
				MARKETING_VERSION = 1.0;
				PRODUCT_BUNDLE_IDENTIFIER = com.akberov.LandmarksTests;
				PRODUCT_NAME = "$(TARGET_NAME)";
				SDKROOT = auto;
				SUPPORTED_PLATFORMS = "iphoneos iphonesimulator macosx";
				SWIFT_EMIT_LOC_STRINGS = NO;
				SWIFT_VERSION = 5.0;
				TARGETED_DEVICE_FAMILY = "1,2";
				TEST_HOST = "$(BUILT_PRODUCTS_DIR)/Landmarks.app/$(BUNDLE_EXECUTABLE_FOLDER_PATH)/Landmarks";
			};
			name = Release;
		};
		873BD31A2C09290100ECEF0E /* Debug */ = {
			isa = XCBuildConfiguration;
			buildSettings = {
				ALWAYS_EMBED_SWIFT_STANDARD_LIBRARIES = YES;
				CODE_SIGN_STYLE = Automatic;
				CURRENT_PROJECT_VERSION = 1;
				DEVELOPMENT_TEAM = JMYF9P9VY4;
				GENERATE_INFOPLIST_FILE = YES;
				IPHONEOS_DEPLOYMENT_TARGET = 17.4;
				MACOSX_DEPLOYMENT_TARGET = 14.3;
				MARKETING_VERSION = 1.0;
				PRODUCT_BUNDLE_IDENTIFIER = com.akberov.LandmarksUITests;
				PRODUCT_NAME = "$(TARGET_NAME)";
				SDKROOT = auto;
				SUPPORTED_PLATFORMS = "iphoneos iphonesimulator macosx";
				SWIFT_EMIT_LOC_STRINGS = NO;
				SWIFT_VERSION = 5.0;
				TARGETED_DEVICE_FAMILY = "1,2";
				TEST_TARGET_NAME = Landmarks;
			};
			name = Debug;
		};
		873BD31B2C09290100ECEF0E /* Release */ = {
			isa = XCBuildConfiguration;
			buildSettings = {
				ALWAYS_EMBED_SWIFT_STANDARD_LIBRARIES = YES;
				CODE_SIGN_STYLE = Automatic;
				CURRENT_PROJECT_VERSION = 1;
				DEVELOPMENT_TEAM = JMYF9P9VY4;
				GENERATE_INFOPLIST_FILE = YES;
				IPHONEOS_DEPLOYMENT_TARGET = 17.4;
				MACOSX_DEPLOYMENT_TARGET = 14.3;
				MARKETING_VERSION = 1.0;
				PRODUCT_BUNDLE_IDENTIFIER = com.akberov.LandmarksUITests;
				PRODUCT_NAME = "$(TARGET_NAME)";
				SDKROOT = auto;
				SUPPORTED_PLATFORMS = "iphoneos iphonesimulator macosx";
				SWIFT_EMIT_LOC_STRINGS = NO;
				SWIFT_VERSION = 5.0;
				TARGETED_DEVICE_FAMILY = "1,2";
				TEST_TARGET_NAME = Landmarks;
			};
			name = Release;
		};
		87805A862C18A11600E9FF11 /* Debug */ = {
			isa = XCBuildConfiguration;
			buildSettings = {
				ASSETCATALOG_COMPILER_APPICON_NAME = AppIcon;
				ASSETCATALOG_COMPILER_GLOBAL_ACCENT_COLOR_NAME = AccentColor;
				CODE_SIGN_STYLE = Automatic;
				CURRENT_PROJECT_VERSION = 1;
				DEVELOPMENT_ASSET_PATHS = "\"WatchLandmarks Watch App/Preview Content\"";
				DEVELOPMENT_TEAM = JMYF9P9VY4;
				ENABLE_PREVIEWS = YES;
				GENERATE_INFOPLIST_FILE = YES;
				INFOPLIST_KEY_CFBundleDisplayName = WatchLandmarks;
				INFOPLIST_KEY_UISupportedInterfaceOrientations = "UIInterfaceOrientationPortrait UIInterfaceOrientationPortraitUpsideDown";
				INFOPLIST_KEY_WKCompanionAppBundleIdentifier = com.akberov.Landmarks;
				INFOPLIST_KEY_WKRunsIndependentlyOfCompanionApp = YES;
				LD_RUNPATH_SEARCH_PATHS = (
					"$(inherited)",
					"@executable_path/Frameworks",
				);
				MARKETING_VERSION = 1.0;
				PRODUCT_BUNDLE_IDENTIFIER = com.akberov.Landmarks.watchkitapp;
				PRODUCT_NAME = "$(TARGET_NAME)";
				SDKROOT = watchos;
				SKIP_INSTALL = YES;
				SWIFT_EMIT_LOC_STRINGS = YES;
				SWIFT_VERSION = 5.0;
				TARGETED_DEVICE_FAMILY = 4;
				WATCHOS_DEPLOYMENT_TARGET = 10.4;
			};
			name = Debug;
		};
		87805A872C18A11600E9FF11 /* Release */ = {
			isa = XCBuildConfiguration;
			buildSettings = {
				ASSETCATALOG_COMPILER_APPICON_NAME = AppIcon;
				ASSETCATALOG_COMPILER_GLOBAL_ACCENT_COLOR_NAME = AccentColor;
				CODE_SIGN_STYLE = Automatic;
				CURRENT_PROJECT_VERSION = 1;
				DEVELOPMENT_ASSET_PATHS = "\"WatchLandmarks Watch App/Preview Content\"";
				DEVELOPMENT_TEAM = JMYF9P9VY4;
				ENABLE_PREVIEWS = YES;
				GENERATE_INFOPLIST_FILE = YES;
				INFOPLIST_KEY_CFBundleDisplayName = WatchLandmarks;
				INFOPLIST_KEY_UISupportedInterfaceOrientations = "UIInterfaceOrientationPortrait UIInterfaceOrientationPortraitUpsideDown";
				INFOPLIST_KEY_WKCompanionAppBundleIdentifier = com.akberov.Landmarks;
				INFOPLIST_KEY_WKRunsIndependentlyOfCompanionApp = YES;
				LD_RUNPATH_SEARCH_PATHS = (
					"$(inherited)",
					"@executable_path/Frameworks",
				);
				MARKETING_VERSION = 1.0;
				PRODUCT_BUNDLE_IDENTIFIER = com.akberov.Landmarks.watchkitapp;
				PRODUCT_NAME = "$(TARGET_NAME)";
				SDKROOT = watchos;
				SKIP_INSTALL = YES;
				SWIFT_EMIT_LOC_STRINGS = YES;
				SWIFT_VERSION = 5.0;
				TARGETED_DEVICE_FAMILY = 4;
				VALIDATE_PRODUCT = YES;
				WATCHOS_DEPLOYMENT_TARGET = 10.4;
			};
			name = Release;
		};
		87805AAE2C1B8B6600E9FF11 /* Debug */ = {
			isa = XCBuildConfiguration;
			buildSettings = {
				ASSETCATALOG_COMPILER_APPICON_NAME = AppIcon;
				ASSETCATALOG_COMPILER_GLOBAL_ACCENT_COLOR_NAME = AccentColor;
				CODE_SIGN_ENTITLEMENTS = MacLandmarks/MacLandmarks.entitlements;
				CODE_SIGN_STYLE = Automatic;
				COMBINE_HIDPI_IMAGES = YES;
				CURRENT_PROJECT_VERSION = 1;
				DEVELOPMENT_ASSET_PATHS = "\"MacLandmarks/Preview Content\"";
				DEVELOPMENT_TEAM = JMYF9P9VY4;
				ENABLE_HARDENED_RUNTIME = YES;
				ENABLE_PREVIEWS = YES;
				GENERATE_INFOPLIST_FILE = YES;
				INFOPLIST_KEY_NSHumanReadableCopyright = "";
				LD_RUNPATH_SEARCH_PATHS = (
					"$(inherited)",
					"@executable_path/../Frameworks",
				);
				MACOSX_DEPLOYMENT_TARGET = 14.3;
				MARKETING_VERSION = 1.0;
				PRODUCT_BUNDLE_IDENTIFIER = com.akberov.MacLandmarks;
				PRODUCT_NAME = "$(TARGET_NAME)";
				SDKROOT = macosx;
				SWIFT_EMIT_LOC_STRINGS = YES;
				SWIFT_VERSION = 5.0;
			};
			name = Debug;
		};
		87805AAF2C1B8B6600E9FF11 /* Release */ = {
			isa = XCBuildConfiguration;
			buildSettings = {
				ASSETCATALOG_COMPILER_APPICON_NAME = AppIcon;
				ASSETCATALOG_COMPILER_GLOBAL_ACCENT_COLOR_NAME = AccentColor;
				CODE_SIGN_ENTITLEMENTS = MacLandmarks/MacLandmarks.entitlements;
				CODE_SIGN_STYLE = Automatic;
				COMBINE_HIDPI_IMAGES = YES;
				CURRENT_PROJECT_VERSION = 1;
				DEVELOPMENT_ASSET_PATHS = "\"MacLandmarks/Preview Content\"";
				DEVELOPMENT_TEAM = JMYF9P9VY4;
				ENABLE_HARDENED_RUNTIME = YES;
				ENABLE_PREVIEWS = YES;
				GENERATE_INFOPLIST_FILE = YES;
				INFOPLIST_KEY_NSHumanReadableCopyright = "";
				LD_RUNPATH_SEARCH_PATHS = (
					"$(inherited)",
					"@executable_path/../Frameworks",
				);
				MACOSX_DEPLOYMENT_TARGET = 14.3;
				MARKETING_VERSION = 1.0;
				PRODUCT_BUNDLE_IDENTIFIER = com.akberov.MacLandmarks;
				PRODUCT_NAME = "$(TARGET_NAME)";
				SDKROOT = macosx;
				SWIFT_EMIT_LOC_STRINGS = YES;
				SWIFT_VERSION = 5.0;
			};
			name = Release;
		};
/* End XCBuildConfiguration section */

/* Begin XCConfigurationList section */
		873BD2E92C09290000ECEF0E /* Build configuration list for PBXProject "Landmarks" */ = {
			isa = XCConfigurationList;
			buildConfigurations = (
				873BD3112C09290100ECEF0E /* Debug */,
				873BD3122C09290100ECEF0E /* Release */,
			);
			defaultConfigurationIsVisible = 0;
			defaultConfigurationName = Release;
		};
		873BD3132C09290100ECEF0E /* Build configuration list for PBXNativeTarget "Landmarks" */ = {
			isa = XCConfigurationList;
			buildConfigurations = (
				873BD3142C09290100ECEF0E /* Debug */,
				873BD3152C09290100ECEF0E /* Release */,
			);
			defaultConfigurationIsVisible = 0;
			defaultConfigurationName = Release;
		};
		873BD3162C09290100ECEF0E /* Build configuration list for PBXNativeTarget "LandmarksTests" */ = {
			isa = XCConfigurationList;
			buildConfigurations = (
				873BD3172C09290100ECEF0E /* Debug */,
				873BD3182C09290100ECEF0E /* Release */,
			);
			defaultConfigurationIsVisible = 0;
			defaultConfigurationName = Release;
		};
		873BD3192C09290100ECEF0E /* Build configuration list for PBXNativeTarget "LandmarksUITests" */ = {
			isa = XCConfigurationList;
			buildConfigurations = (
				873BD31A2C09290100ECEF0E /* Debug */,
				873BD31B2C09290100ECEF0E /* Release */,
			);
			defaultConfigurationIsVisible = 0;
			defaultConfigurationName = Release;
		};
		87805A852C18A11600E9FF11 /* Build configuration list for PBXNativeTarget "WatchLandmarks Watch App" */ = {
			isa = XCConfigurationList;
			buildConfigurations = (
				87805A862C18A11600E9FF11 /* Debug */,
				87805A872C18A11600E9FF11 /* Release */,
			);
			defaultConfigurationIsVisible = 0;
			defaultConfigurationName = Release;
		};
		87805AAD2C1B8B6600E9FF11 /* Build configuration list for PBXNativeTarget "MacLandmarks" */ = {
			isa = XCConfigurationList;
			buildConfigurations = (
				87805AAE2C1B8B6600E9FF11 /* Debug */,
				87805AAF2C1B8B6600E9FF11 /* Release */,
			);
			defaultConfigurationIsVisible = 0;
			defaultConfigurationName = Release;
		};
/* End XCConfigurationList section */
	};
	rootObject = 873BD2E62C09290000ECEF0E /* Project object */;
}
