// !$*UTF8*$!
{
	archiveVersion = 1;
	classes = {
	};
	objectVersion = 56;
	objects = {

/* Begin PBXBuildFile section */
		873BD2F22C09290000ECEF0E /* LandmarksApp.swift in Sources */ = {isa = PBXBuildFile; fileRef = 873BD2F12C09290000ECEF0E /* LandmarksApp.swift */; };
		873BD2F42C09290000ECEF0E /* ContentView.swift in Sources */ = {isa = PBXBuildFile; fileRef = 873BD2F32C09290000ECEF0E /* ContentView.swift */; };
		873BD2F62C09290100ECEF0E /* Assets.xcassets in Resources */ = {isa = PBXBuildFile; fileRef = 873BD2F52C09290100ECEF0E /* Assets.xcassets */; };
		873BD2FA2C09290100ECEF0E /* Preview Assets.xcassets in Resources */ = {isa = PBXBuildFile; fileRef = 873BD2F92C09290100ECEF0E /* Preview Assets.xcassets */; };
		873BD3042C09290100ECEF0E /* LandmarksTests.swift in Sources */ = {isa = PBXBuildFile; fileRef = 873BD3032C09290100ECEF0E /* LandmarksTests.swift */; };
		873BD30E2C09290100ECEF0E /* LandmarksUITests.swift in Sources */ = {isa = PBXBuildFile; fileRef = 873BD30D2C09290100ECEF0E /* LandmarksUITests.swift */; };
		873BD3102C09290100ECEF0E /* LandmarksUITestsLaunchTests.swift in Sources */ = {isa = PBXBuildFile; fileRef = 873BD30F2C09290100ECEF0E /* LandmarksUITestsLaunchTests.swift */; };
		873BD31D2C0BD0C700ECEF0E /* CircleImage.swift in Sources */ = {isa = PBXBuildFile; fileRef = 873BD31C2C0BD0C700ECEF0E /* CircleImage.swift */; };
		873BD31F2C0BD2B500ECEF0E /* MapView.swift in Sources */ = {isa = PBXBuildFile; fileRef = 873BD31E2C0BD2B500ECEF0E /* MapView.swift */; };
		873BD3232C0C6FF300ECEF0E /* landmarkData.json in Resources */ = {isa = PBXBuildFile; fileRef = 873BD3222C0C6FF300ECEF0E /* landmarkData.json */; };
		873BD3262C0C705400ECEF0E /* Landmark.swift in Sources */ = {isa = PBXBuildFile; fileRef = 873BD3252C0C705400ECEF0E /* Landmark.swift */; };
		873BD3282C0C745C00ECEF0E /* ModelData.swift in Sources */ = {isa = PBXBuildFile; fileRef = 873BD3272C0C745C00ECEF0E /* ModelData.swift */; };
		873BD32A2C0C775700ECEF0E /* LandmarkRow.swift in Sources */ = {isa = PBXBuildFile; fileRef = 873BD3292C0C775700ECEF0E /* LandmarkRow.swift */; };
		873BD32C2C0C79B400ECEF0E /* LandmarkList.swift in Sources */ = {isa = PBXBuildFile; fileRef = 873BD32B2C0C79B400ECEF0E /* LandmarkList.swift */; };
		873BD32E2C0CA3A900ECEF0E /* LandmarkDetail.swift in Sources */ = {isa = PBXBuildFile; fileRef = 873BD32D2C0CA3A900ECEF0E /* LandmarkDetail.swift */; };
		873BD3302C0DFCB700ECEF0E /* FavoriteButton.swift in Sources */ = {isa = PBXBuildFile; fileRef = 873BD32F2C0DFCB700ECEF0E /* FavoriteButton.swift */; };
/* End PBXBuildFile section */

/* Begin PBXContainerItemProxy section */
		873BD3002C09290100ECEF0E /* PBXContainerItemProxy */ = {
			isa = PBXContainerItemProxy;
			containerPortal = 873BD2E62C09290000ECEF0E /* Project object */;
			proxyType = 1;
			remoteGlobalIDString = 873BD2ED2C09290000ECEF0E;
			remoteInfo = Landmarks;
		};
		873BD30A2C09290100ECEF0E /* PBXContainerItemProxy */ = {
			isa = PBXContainerItemProxy;
			containerPortal = 873BD2E62C09290000ECEF0E /* Project object */;
			proxyType = 1;
			remoteGlobalIDString = 873BD2ED2C09290000ECEF0E;
			remoteInfo = Landmarks;
		};
/* End PBXContainerItemProxy section */

/* Begin PBXFileReference section */
		873BD2EE2C09290000ECEF0E /* Landmarks.app */ = {isa = PBXFileReference; explicitFileType = wrapper.application; includeInIndex = 0; path = Landmarks.app; sourceTree = BUILT_PRODUCTS_DIR; };
		873BD2F12C09290000ECEF0E /* LandmarksApp.swift */ = {isa = PBXFileReference; lastKnownFileType = sourcecode.swift; path = LandmarksApp.swift; sourceTree = "<group>"; };
		873BD2F32C09290000ECEF0E /* ContentView.swift */ = {isa = PBXFileReference; lastKnownFileType = sourcecode.swift; path = ContentView.swift; sourceTree = "<group>"; };
		873BD2F52C09290100ECEF0E /* Assets.xcassets */ = {isa = PBXFileReference; lastKnownFileType = folder.assetcatalog; path = Assets.xcassets; sourceTree = "<group>"; };
		873BD2F72C09290100ECEF0E /* Landmarks.entitlements */ = {isa = PBXFileReference; lastKnownFileType = text.plist.entitlements; path = Landmarks.entitlements; sourceTree = "<group>"; };
		873BD2F92C09290100ECEF0E /* Preview Assets.xcassets */ = {isa = PBXFileReference; lastKnownFileType = folder.assetcatalog; path = "Preview Assets.xcassets"; sourceTree = "<group>"; };
		873BD2FF2C09290100ECEF0E /* LandmarksTests.xctest */ = {isa = PBXFileReference; explicitFileType = wrapper.cfbundle; includeInIndex = 0; path = LandmarksTests.xctest; sourceTree = BUILT_PRODUCTS_DIR; };
		873BD3032C09290100ECEF0E /* LandmarksTests.swift */ = {isa = PBXFileReference; lastKnownFileType = sourcecode.swift; path = LandmarksTests.swift; sourceTree = "<group>"; };
		873BD3092C09290100ECEF0E /* LandmarksUITests.xctest */ = {isa = PBXFileReference; explicitFileType = wrapper.cfbundle; includeInIndex = 0; path = LandmarksUITests.xctest; sourceTree = BUILT_PRODUCTS_DIR; };
		873BD30D2C09290100ECEF0E /* LandmarksUITests.swift */ = {isa = PBXFileReference; lastKnownFileType = sourcecode.swift; path = LandmarksUITests.swift; sourceTree = "<group>"; };
		873BD30F2C09290100ECEF0E /* LandmarksUITestsLaunchTests.swift */ = {isa = PBXFileReference; lastKnownFileType = sourcecode.swift; path = LandmarksUITestsLaunchTests.swift; sourceTree = "<group>"; };
		873BD31C2C0BD0C700ECEF0E /* CircleImage.swift */ = {isa = PBXFileReference; lastKnownFileType = sourcecode.swift; path = CircleImage.swift; sourceTree = "<group>"; };
		873BD31E2C0BD2B500ECEF0E /* MapView.swift */ = {isa = PBXFileReference; lastKnownFileType = sourcecode.swift; path = MapView.swift; sourceTree = "<group>"; };
		873BD3222C0C6FF300ECEF0E /* landmarkData.json */ = {isa = PBXFileReference; fileEncoding = 4; lastKnownFileType = text.json; path = landmarkData.json; sourceTree = "<group>"; };
		873BD3252C0C705400ECEF0E /* Landmark.swift */ = {isa = PBXFileReference; lastKnownFileType = sourcecode.swift; path = Landmark.swift; sourceTree = "<group>"; };
		873BD3272C0C745C00ECEF0E /* ModelData.swift */ = {isa = PBXFileReference; lastKnownFileType = sourcecode.swift; path = ModelData.swift; sourceTree = "<group>"; };
		873BD3292C0C775700ECEF0E /* LandmarkRow.swift */ = {isa = PBXFileReference; lastKnownFileType = sourcecode.swift; path = LandmarkRow.swift; sourceTree = "<group>"; };
		873BD32B2C0C79B400ECEF0E /* LandmarkList.swift */ = {isa = PBXFileReference; lastKnownFileType = sourcecode.swift; path = LandmarkList.swift; sourceTree = "<group>"; };
		873BD32D2C0CA3A900ECEF0E /* LandmarkDetail.swift */ = {isa = PBXFileReference; lastKnownFileType = sourcecode.swift; path = LandmarkDetail.swift; sourceTree = "<group>"; };
		873BD32F2C0DFCB700ECEF0E /* FavoriteButton.swift */ = {isa = PBXFileReference; lastKnownFileType = sourcecode.swift; path = FavoriteButton.swift; sourceTree = "<group>"; };
/* End PBXFileReference section */

/* Begin PBXFrameworksBuildPhase section */
		873BD2EB2C09290000ECEF0E /* Frameworks */ = {
			isa = PBXFrameworksBuildPhase;
			buildActionMask = 2147483647;
			files = (
			);
			runOnlyForDeploymentPostprocessing = 0;
		};
		873BD2FC2C09290100ECEF0E /* Frameworks */ = {
			isa = PBXFrameworksBuildPhase;
			buildActionMask = 2147483647;
			files = (
			);
			runOnlyForDeploymentPostprocessing = 0;
		};
		873BD3062C09290100ECEF0E /* Frameworks */ = {
			isa = PBXFrameworksBuildPhase;
			buildActionMask = 2147483647;
			files = (
			);
			runOnlyForDeploymentPostprocessing = 0;
		};
/* End PBXFrameworksBuildPhase section */

/* Begin PBXGroup section */
		873BD2E52C09290000ECEF0E = {
			isa = PBXGroup;
			children = (
				873BD2F02C09290000ECEF0E /* Landmarks */,
				873BD3022C09290100ECEF0E /* LandmarksTests */,
				873BD30C2C09290100ECEF0E /* LandmarksUITests */,
				873BD2EF2C09290000ECEF0E /* Products */,
			);
			sourceTree = "<group>";
		};
		873BD2EF2C09290000ECEF0E /* Products */ = {
			isa = PBXGroup;
			children = (
				873BD2EE2C09290000ECEF0E /* Landmarks.app */,
				873BD2FF2C09290100ECEF0E /* LandmarksTests.xctest */,
				873BD3092C09290100ECEF0E /* LandmarksUITests.xctest */,
			);
			name = Products;
			sourceTree = "<group>";
		};
		873BD2F02C09290000ECEF0E /* Landmarks */ = {
			isa = PBXGroup;
			children = (
				873BD2F12C09290000ECEF0E /* LandmarksApp.swift */,
				873BD3242C0C702000ECEF0E /* Models */,
				873BD3202C0C6F9F00ECEF0E /* Views */,
				873BD3212C0C6FC500ECEF0E /* Resources */,
				873BD2F82C09290100ECEF0E /* Preview Content */,
				873BD2F52C09290100ECEF0E /* Assets.xcassets */,
				873BD2F72C09290100ECEF0E /* Landmarks.entitlements */,
			);
			path = Landmarks;
			sourceTree = "<group>";
		};
		873BD2F82C09290100ECEF0E /* Preview Content */ = {
			isa = PBXGroup;
			children = (
				873BD2F92C09290100ECEF0E /* Preview Assets.xcassets */,
			);
			path = "Preview Content";
			sourceTree = "<group>";
		};
		873BD3022C09290100ECEF0E /* LandmarksTests */ = {
			isa = PBXGroup;
			children = (
				873BD3032C09290100ECEF0E /* LandmarksTests.swift */,
			);
			path = LandmarksTests;
			sourceTree = "<group>";
		};
		873BD30C2C09290100ECEF0E /* LandmarksUITests */ = {
			isa = PBXGroup;
			children = (
				873BD30D2C09290100ECEF0E /* LandmarksUITests.swift */,
				873BD30F2C09290100ECEF0E /* LandmarksUITestsLaunchTests.swift */,
			);
			path = LandmarksUITests;
			sourceTree = "<group>";
		};
		873BD3202C0C6F9F00ECEF0E /* Views */ = {
			isa = PBXGroup;
			children = (
				873BD2F32C09290000ECEF0E /* ContentView.swift */,
				873BD31C2C0BD0C700ECEF0E /* CircleImage.swift */,
				873BD31E2C0BD2B500ECEF0E /* MapView.swift */,
				873BD32D2C0CA3A900ECEF0E /* LandmarkDetail.swift */,
				873BD3292C0C775700ECEF0E /* LandmarkRow.swift */,
				873BD32B2C0C79B400ECEF0E /* LandmarkList.swift */,
				873BD32F2C0DFCB700ECEF0E /* FavoriteButton.swift */,
			);
			path = Views;
			sourceTree = "<group>";
		};
		873BD3212C0C6FC500ECEF0E /* Resources */ = {
			isa = PBXGroup;
			children = (
				873BD3222C0C6FF300ECEF0E /* landmarkData.json */,
			);
			path = Resources;
			sourceTree = "<group>";
		};
		873BD3242C0C702000ECEF0E /* Models */ = {
			isa = PBXGroup;
			children = (
				873BD3252C0C705400ECEF0E /* Landmark.swift */,
				873BD3272C0C745C00ECEF0E /* ModelData.swift */,
			);
			path = Models;
			sourceTree = "<group>";
		};
/* End PBXGroup section */

/* Begin PBXNativeTarget section */
		873BD2ED2C09290000ECEF0E /* Landmarks */ = {
			isa = PBXNativeTarget;
			buildConfigurationList = 873BD3132C09290100ECEF0E /* Build configuration list for PBXNativeTarget "Landmarks" */;
			buildPhases = (
				873BD2EA2C09290000ECEF0E /* Sources */,
				873BD2EB2C09290000ECEF0E /* Frameworks */,
				873BD2EC2C09290000ECEF0E /* Resources */,
			);
			buildRules = (
			);
			dependencies = (
			);
			name = Landmarks;
			productName = Landmarks;
			productReference = 873BD2EE2C09290000ECEF0E /* Landmarks.app */;
			productType = "com.apple.product-type.application";
		};
		873BD2FE2C09290100ECEF0E /* LandmarksTests */ = {
			isa = PBXNativeTarget;
			buildConfigurationList = 873BD3162C09290100ECEF0E /* Build configuration list for PBXNativeTarget "LandmarksTests" */;
			buildPhases = (
				873BD2FB2C09290100ECEF0E /* Sources */,
				873BD2FC2C09290100ECEF0E /* Frameworks */,
				873BD2FD2C09290100ECEF0E /* Resources */,
			);
			buildRules = (
			);
			dependencies = (
				873BD3012C09290100ECEF0E /* PBXTargetDependency */,
			);
			name = LandmarksTests;
			productName = LandmarksTests;
			productReference = 873BD2FF2C09290100ECEF0E /* LandmarksTests.xctest */;
			productType = "com.apple.product-type.bundle.unit-test";
		};
		873BD3082C09290100ECEF0E /* LandmarksUITests */ = {
			isa = PBXNativeTarget;
			buildConfigurationList = 873BD3192C09290100ECEF0E /* Build configuration list for PBXNativeTarget "LandmarksUITests" */;
			buildPhases = (
				873BD3052C09290100ECEF0E /* Sources */,
				873BD3062C09290100ECEF0E /* Frameworks */,
				873BD3072C09290100ECEF0E /* Resources */,
			);
			buildRules = (
			);
			dependencies = (
				873BD30B2C09290100ECEF0E /* PBXTargetDependency */,
			);
			name = LandmarksUITests;
			productName = LandmarksUITests;
			productReference = 873BD3092C09290100ECEF0E /* LandmarksUITests.xctest */;
			productType = "com.apple.product-type.bundle.ui-testing";
		};
/* End PBXNativeTarget section */

/* Begin PBXProject section */
		873BD2E62C09290000ECEF0E /* Project object */ = {
			isa = PBXProject;
			attributes = {
				BuildIndependentTargetsInParallel = 1;
				LastSwiftUpdateCheck = 1530;
				LastUpgradeCheck = 1530;
				TargetAttributes = {
					873BD2ED2C09290000ECEF0E = {
						CreatedOnToolsVersion = 15.3;
					};
					873BD2FE2C09290100ECEF0E = {
						CreatedOnToolsVersion = 15.3;
						TestTargetID = 873BD2ED2C09290000ECEF0E;
					};
					873BD3082C09290100ECEF0E = {
						CreatedOnToolsVersion = 15.3;
						TestTargetID = 873BD2ED2C09290000ECEF0E;
					};
				};
			};
			buildConfigurationList = 873BD2E92C09290000ECEF0E /* Build configuration list for PBXProject "Landmarks" */;
			compatibilityVersion = "Xcode 14.0";
			developmentRegion = en;
			hasScannedForEncodings = 0;
			knownRegions = (
				en,
				Base,
			);
			mainGroup = 873BD2E52C09290000ECEF0E;
			productRefGroup = 873BD2EF2C09290000ECEF0E /* Products */;
			projectDirPath = "";
			projectRoot = "";
			targets = (
				873BD2ED2C09290000ECEF0E /* Landmarks */,
				873BD2FE2C09290100ECEF0E /* LandmarksTests */,
				873BD3082C09290100ECEF0E /* LandmarksUITests */,
			);
		};
/* End PBXProject section */

/* Begin PBXResourcesBuildPhase section */
		873BD2EC2C09290000ECEF0E /* Resources */ = {
			isa = PBXResourcesBuildPhase;
			buildActionMask = 2147483647;
			files = (
				873BD2FA2C09290100ECEF0E /* Preview Assets.xcassets in Resources */,
				873BD2F62C09290100ECEF0E /* Assets.xcassets in Resources */,
				873BD3232C0C6FF300ECEF0E /* landmarkData.json in Resources */,
			);
			runOnlyForDeploymentPostprocessing = 0;
		};
		873BD2FD2C09290100ECEF0E /* Resources */ = {
			isa = PBXResourcesBuildPhase;
			buildActionMask = 2147483647;
			files = (
			);
			runOnlyForDeploymentPostprocessing = 0;
		};
		873BD3072C09290100ECEF0E /* Resources */ = {
			isa = PBXResourcesBuildPhase;
			buildActionMask = 2147483647;
			files = (
			);
			runOnlyForDeploymentPostprocessing = 0;
		};
/* End PBXResourcesBuildPhase section */

/* Begin PBXSourcesBuildPhase section */
		873BD2EA2C09290000ECEF0E /* Sources */ = {
			isa = PBXSourcesBuildPhase;
			buildActionMask = 2147483647;
			files = (
				873BD2F42C09290000ECEF0E /* ContentView.swift in Sources */,
				873BD31F2C0BD2B500ECEF0E /* MapView.swift in Sources */,
				873BD2F22C09290000ECEF0E /* LandmarksApp.swift in Sources */,
				873BD3302C0DFCB700ECEF0E /* FavoriteButton.swift in Sources */,
				873BD32C2C0C79B400ECEF0E /* LandmarkList.swift in Sources */,
				873BD32E2C0CA3A900ECEF0E /* LandmarkDetail.swift in Sources */,
				873BD31D2C0BD0C700ECEF0E /* CircleImage.swift in Sources */,
				873BD3262C0C705400ECEF0E /* Landmark.swift in Sources */,
				873BD32A2C0C775700ECEF0E /* LandmarkRow.swift in Sources */,
				873BD3282C0C745C00ECEF0E /* ModelData.swift in Sources */,
			);
			runOnlyForDeploymentPostprocessing = 0;
		};
		873BD2FB2C09290100ECEF0E /* Sources */ = {
			isa = PBXSourcesBuildPhase;
			buildActionMask = 2147483647;
			files = (
				873BD3042C09290100ECEF0E /* LandmarksTests.swift in Sources */,
			);
			runOnlyForDeploymentPostprocessing = 0;
		};
		873BD3052C09290100ECEF0E /* Sources */ = {
			isa = PBXSourcesBuildPhase;
			buildActionMask = 2147483647;
			files = (
				873BD3102C09290100ECEF0E /* LandmarksUITestsLaunchTests.swift in Sources */,
				873BD30E2C09290100ECEF0E /* LandmarksUITests.swift in Sources */,
			);
			runOnlyForDeploymentPostprocessing = 0;
		};
/* End PBXSourcesBuildPhase section */

/* Begin PBXTargetDependency section */
		873BD3012C09290100ECEF0E /* PBXTargetDependency */ = {
			isa = PBXTargetDependency;
			target = 873BD2ED2C09290000ECEF0E /* Landmarks */;
			targetProxy = 873BD3002C09290100ECEF0E /* PBXContainerItemProxy */;
		};
		873BD30B2C09290100ECEF0E /* PBXTargetDependency */ = {
			isa = PBXTargetDependency;
			target = 873BD2ED2C09290000ECEF0E /* Landmarks */;
			targetProxy = 873BD30A2C09290100ECEF0E /* PBXContainerItemProxy */;
		};
/* End PBXTargetDependency section */

/* Begin XCBuildConfiguration section */
		873BD3112C09290100ECEF0E /* Debug */ = {
			isa = XCBuildConfiguration;
			buildSettings = {
				ALWAYS_SEARCH_USER_PATHS = NO;
				ASSETCATALOG_COMPILER_GENERATE_SWIFT_ASSET_SYMBOL_EXTENSIONS = YES;
				CLANG_ANALYZER_NONNULL = YES;
				CLANG_ANALYZER_NUMBER_OBJECT_CONVERSION = YES_AGGRESSIVE;
				CLANG_CXX_LANGUAGE_STANDARD = "gnu++20";
				CLANG_ENABLE_MODULES = YES;
				CLANG_ENABLE_OBJC_ARC = YES;
				CLANG_ENABLE_OBJC_WEAK = YES;
				CLANG_WARN_BLOCK_CAPTURE_AUTORELEASING = YES;
				CLANG_WARN_BOOL_CONVERSION = YES;
				CLANG_WARN_COMMA = YES;
				CLANG_WARN_CONSTANT_CONVERSION = YES;
				CLANG_WARN_DEPRECATED_OBJC_IMPLEMENTATIONS = YES;
				CLANG_WARN_DIRECT_OBJC_ISA_USAGE = YES_ERROR;
				CLANG_WARN_DOCUMENTATION_COMMENTS = YES;
				CLANG_WARN_EMPTY_BODY = YES;
				CLANG_WARN_ENUM_CONVERSION = YES;
				CLANG_WARN_INFINITE_RECURSION = YES;
				CLANG_WARN_INT_CONVERSION = YES;
				CLANG_WARN_NON_LITERAL_NULL_CONVERSION = YES;
				CLANG_WARN_OBJC_IMPLICIT_RETAIN_SELF = YES;
				CLANG_WARN_OBJC_LITERAL_CONVERSION = YES;
				CLANG_WARN_OBJC_ROOT_CLASS = YES_ERROR;
				CLANG_WARN_QUOTED_INCLUDE_IN_FRAMEWORK_HEADER = YES;
				CLANG_WARN_RANGE_LOOP_ANALYSIS = YES;
				CLANG_WARN_STRICT_PROTOTYPES = YES;
				CLANG_WARN_SUSPICIOUS_MOVE = YES;
				CLANG_WARN_UNGUARDED_AVAILABILITY = YES_AGGRESSIVE;
				CLANG_WARN_UNREACHABLE_CODE = YES;
				CLANG_WARN__DUPLICATE_METHOD_MATCH = YES;
				COPY_PHASE_STRIP = NO;
				DEBUG_INFORMATION_FORMAT = dwarf;
				ENABLE_STRICT_OBJC_MSGSEND = YES;
				ENABLE_TESTABILITY = YES;
				ENABLE_USER_SCRIPT_SANDBOXING = YES;
				GCC_C_LANGUAGE_STANDARD = gnu17;
				GCC_DYNAMIC_NO_PIC = NO;
				GCC_NO_COMMON_BLOCKS = YES;
				GCC_OPTIMIZATION_LEVEL = 0;
				GCC_PREPROCESSOR_DEFINITIONS = (
					"DEBUG=1",
					"$(inherited)",
				);
				GCC_WARN_64_TO_32_BIT_CONVERSION = YES;
				GCC_WARN_ABOUT_RETURN_TYPE = YES_ERROR;
				GCC_WARN_UNDECLARED_SELECTOR = YES;
				GCC_WARN_UNINITIALIZED_AUTOS = YES_AGGRESSIVE;
				GCC_WARN_UNUSED_FUNCTION = YES;
				GCC_WARN_UNUSED_VARIABLE = YES;
				LOCALIZATION_PREFERS_STRING_CATALOGS = YES;
				MTL_ENABLE_DEBUG_INFO = INCLUDE_SOURCE;
				MTL_FAST_MATH = YES;
				ONLY_ACTIVE_ARCH = YES;
				SWIFT_ACTIVE_COMPILATION_CONDITIONS = "DEBUG $(inherited)";
				SWIFT_OPTIMIZATION_LEVEL = "-Onone";
			};
			name = Debug;
		};
		873BD3122C09290100ECEF0E /* Release */ = {
			isa = XCBuildConfiguration;
			buildSettings = {
				ALWAYS_SEARCH_USER_PATHS = NO;
				ASSETCATALOG_COMPILER_GENERATE_SWIFT_ASSET_SYMBOL_EXTENSIONS = YES;
				CLANG_ANALYZER_NONNULL = YES;
				CLANG_ANALYZER_NUMBER_OBJECT_CONVERSION = YES_AGGRESSIVE;
				CLANG_CXX_LANGUAGE_STANDARD = "gnu++20";
				CLANG_ENABLE_MODULES = YES;
				CLANG_ENABLE_OBJC_ARC = YES;
				CLANG_ENABLE_OBJC_WEAK = YES;
				CLANG_WARN_BLOCK_CAPTURE_AUTORELEASING = YES;
				CLANG_WARN_BOOL_CONVERSION = YES;
				CLANG_WARN_COMMA = YES;
				CLANG_WARN_CONSTANT_CONVERSION = YES;
				CLANG_WARN_DEPRECATED_OBJC_IMPLEMENTATIONS = YES;
				CLANG_WARN_DIRECT_OBJC_ISA_USAGE = YES_ERROR;
				CLANG_WARN_DOCUMENTATION_COMMENTS = YES;
				CLANG_WARN_EMPTY_BODY = YES;
				CLANG_WARN_ENUM_CONVERSION = YES;
				CLANG_WARN_INFINITE_RECURSION = YES;
				CLANG_WARN_INT_CONVERSION = YES;
				CLANG_WARN_NON_LITERAL_NULL_CONVERSION = YES;
				CLANG_WARN_OBJC_IMPLICIT_RETAIN_SELF = YES;
				CLANG_WARN_OBJC_LITERAL_CONVERSION = YES;
				CLANG_WARN_OBJC_ROOT_CLASS = YES_ERROR;
				CLANG_WARN_QUOTED_INCLUDE_IN_FRAMEWORK_HEADER = YES;
				CLANG_WARN_RANGE_LOOP_ANALYSIS = YES;
				CLANG_WARN_STRICT_PROTOTYPES = YES;
				CLANG_WARN_SUSPICIOUS_MOVE = YES;
				CLANG_WARN_UNGUARDED_AVAILABILITY = YES_AGGRESSIVE;
				CLANG_WARN_UNREACHABLE_CODE = YES;
				CLANG_WARN__DUPLICATE_METHOD_MATCH = YES;
				COPY_PHASE_STRIP = NO;
				DEBUG_INFORMATION_FORMAT = "dwarf-with-dsym";
				ENABLE_NS_ASSERTIONS = NO;
				ENABLE_STRICT_OBJC_MSGSEND = YES;
				ENABLE_USER_SCRIPT_SANDBOXING = YES;
				GCC_C_LANGUAGE_STANDARD = gnu17;
				GCC_NO_COMMON_BLOCKS = YES;
				GCC_WARN_64_TO_32_BIT_CONVERSION = YES;
				GCC_WARN_ABOUT_RETURN_TYPE = YES_ERROR;
				GCC_WARN_UNDECLARED_SELECTOR = YES;
				GCC_WARN_UNINITIALIZED_AUTOS = YES_AGGRESSIVE;
				GCC_WARN_UNUSED_FUNCTION = YES;
				GCC_WARN_UNUSED_VARIABLE = YES;
				LOCALIZATION_PREFERS_STRING_CATALOGS = YES;
				MTL_ENABLE_DEBUG_INFO = NO;
				MTL_FAST_MATH = YES;
				SWIFT_COMPILATION_MODE = wholemodule;
			};
			name = Release;
		};
		873BD3142C09290100ECEF0E /* Debug */ = {
			isa = XCBuildConfiguration;
			buildSettings = {
				ASSETCATALOG_COMPILER_APPICON_NAME = AppIcon;
				ASSETCATALOG_COMPILER_GLOBAL_ACCENT_COLOR_NAME = AccentColor;
				CODE_SIGN_ENTITLEMENTS = Landmarks/Landmarks.entitlements;
				CODE_SIGN_STYLE = Automatic;
				CURRENT_PROJECT_VERSION = 1;
				DEVELOPMENT_ASSET_PATHS = "\"Landmarks/Preview Content\"";
				DEVELOPMENT_TEAM = JMYF9P9VY4;
				ENABLE_HARDENED_RUNTIME = YES;
				ENABLE_PREVIEWS = YES;
				GENERATE_INFOPLIST_FILE = YES;
				"INFOPLIST_KEY_UIApplicationSceneManifest_Generation[sdk=iphoneos*]" = YES;
				"INFOPLIST_KEY_UIApplicationSceneManifest_Generation[sdk=iphonesimulator*]" = YES;
				"INFOPLIST_KEY_UIApplicationSupportsIndirectInputEvents[sdk=iphoneos*]" = YES;
				"INFOPLIST_KEY_UIApplicationSupportsIndirectInputEvents[sdk=iphonesimulator*]" = YES;
				"INFOPLIST_KEY_UILaunchScreen_Generation[sdk=iphoneos*]" = YES;
				"INFOPLIST_KEY_UILaunchScreen_Generation[sdk=iphonesimulator*]" = YES;
				"INFOPLIST_KEY_UIStatusBarStyle[sdk=iphoneos*]" = UIStatusBarStyleDefault;
				"INFOPLIST_KEY_UIStatusBarStyle[sdk=iphonesimulator*]" = UIStatusBarStyleDefault;
				INFOPLIST_KEY_UISupportedInterfaceOrientations_iPad = "UIInterfaceOrientationPortrait UIInterfaceOrientationPortraitUpsideDown UIInterfaceOrientationLandscapeLeft UIInterfaceOrientationLandscapeRight";
				INFOPLIST_KEY_UISupportedInterfaceOrientations_iPhone = "UIInterfaceOrientationPortrait UIInterfaceOrientationLandscapeLeft UIInterfaceOrientationLandscapeRight";
				IPHONEOS_DEPLOYMENT_TARGET = 17.4;
				LD_RUNPATH_SEARCH_PATHS = "@executable_path/Frameworks";
				"LD_RUNPATH_SEARCH_PATHS[sdk=macosx*]" = "@executable_path/../Frameworks";
				MACOSX_DEPLOYMENT_TARGET = 14.3;
				MARKETING_VERSION = 1.0;
				PRODUCT_BUNDLE_IDENTIFIER = com.akberov.Landmarks;
				PRODUCT_NAME = "$(TARGET_NAME)";
				SDKROOT = auto;
				SUPPORTED_PLATFORMS = "iphoneos iphonesimulator macosx";
				SWIFT_EMIT_LOC_STRINGS = YES;
				SWIFT_VERSION = 5.0;
				TARGETED_DEVICE_FAMILY = "1,2";
			};
			name = Debug;
		};
		873BD3152C09290100ECEF0E /* Release */ = {
			isa = XCBuildConfiguration;
			buildSettings = {
				ASSETCATALOG_COMPILER_APPICON_NAME = AppIcon;
				ASSETCATALOG_COMPILER_GLOBAL_ACCENT_COLOR_NAME = AccentColor;
				CODE_SIGN_ENTITLEMENTS = Landmarks/Landmarks.entitlements;
				CODE_SIGN_STYLE = Automatic;
				CURRENT_PROJECT_VERSION = 1;
				DEVELOPMENT_ASSET_PATHS = "\"Landmarks/Preview Content\"";
				DEVELOPMENT_TEAM = JMYF9P9VY4;
				ENABLE_HARDENED_RUNTIME = YES;
				ENABLE_PREVIEWS = YES;
				GENERATE_INFOPLIST_FILE = YES;
				"INFOPLIST_KEY_UIApplicationSceneManifest_Generation[sdk=iphoneos*]" = YES;
				"INFOPLIST_KEY_UIApplicationSceneManifest_Generation[sdk=iphonesimulator*]" = YES;
				"INFOPLIST_KEY_UIApplicationSupportsIndirectInputEvents[sdk=iphoneos*]" = YES;
				"INFOPLIST_KEY_UIApplicationSupportsIndirectInputEvents[sdk=iphonesimulator*]" = YES;
				"INFOPLIST_KEY_UILaunchScreen_Generation[sdk=iphoneos*]" = YES;
				"INFOPLIST_KEY_UILaunchScreen_Generation[sdk=iphonesimulator*]" = YES;
				"INFOPLIST_KEY_UIStatusBarStyle[sdk=iphoneos*]" = UIStatusBarStyleDefault;
				"INFOPLIST_KEY_UIStatusBarStyle[sdk=iphonesimulator*]" = UIStatusBarStyleDefault;
				INFOPLIST_KEY_UISupportedInterfaceOrientations_iPad = "UIInterfaceOrientationPortrait UIInterfaceOrientationPortraitUpsideDown UIInterfaceOrientationLandscapeLeft UIInterfaceOrientationLandscapeRight";
				INFOPLIST_KEY_UISupportedInterfaceOrientations_iPhone = "UIInterfaceOrientationPortrait UIInterfaceOrientationLandscapeLeft UIInterfaceOrientationLandscapeRight";
				IPHONEOS_DEPLOYMENT_TARGET = 17.4;
				LD_RUNPATH_SEARCH_PATHS = "@executable_path/Frameworks";
				"LD_RUNPATH_SEARCH_PATHS[sdk=macosx*]" = "@executable_path/../Frameworks";
				MACOSX_DEPLOYMENT_TARGET = 14.3;
				MARKETING_VERSION = 1.0;
				PRODUCT_BUNDLE_IDENTIFIER = com.akberov.Landmarks;
				PRODUCT_NAME = "$(TARGET_NAME)";
				SDKROOT = auto;
				SUPPORTED_PLATFORMS = "iphoneos iphonesimulator macosx";
				SWIFT_EMIT_LOC_STRINGS = YES;
				SWIFT_VERSION = 5.0;
				TARGETED_DEVICE_FAMILY = "1,2";
			};
			name = Release;
		};
		873BD3172C09290100ECEF0E /* Debug */ = {
			isa = XCBuildConfiguration;
			buildSettings = {
				ALWAYS_EMBED_SWIFT_STANDARD_LIBRARIES = YES;
				BUNDLE_LOADER = "$(TEST_HOST)";
				CODE_SIGN_STYLE = Automatic;
				CURRENT_PROJECT_VERSION = 1;
				DEVELOPMENT_TEAM = JMYF9P9VY4;
				GENERATE_INFOPLIST_FILE = YES;
				IPHONEOS_DEPLOYMENT_TARGET = 17.4;
				MACOSX_DEPLOYMENT_TARGET = 14.3;
				MARKETING_VERSION = 1.0;
				PRODUCT_BUNDLE_IDENTIFIER = com.akberov.LandmarksTests;
				PRODUCT_NAME = "$(TARGET_NAME)";
				SDKROOT = auto;
				SUPPORTED_PLATFORMS = "iphoneos iphonesimulator macosx";
				SWIFT_EMIT_LOC_STRINGS = NO;
				SWIFT_VERSION = 5.0;
				TARGETED_DEVICE_FAMILY = "1,2";
				TEST_HOST = "$(BUILT_PRODUCTS_DIR)/Landmarks.app/$(BUNDLE_EXECUTABLE_FOLDER_PATH)/Landmarks";
			};
			name = Debug;
		};
		873BD3182C09290100ECEF0E /* Release */ = {
			isa = XCBuildConfiguration;
			buildSettings = {
				ALWAYS_EMBED_SWIFT_STANDARD_LIBRARIES = YES;
				BUNDLE_LOADER = "$(TEST_HOST)";
				CODE_SIGN_STYLE = Automatic;
				CURRENT_PROJECT_VERSION = 1;
				DEVELOPMENT_TEAM = JMYF9P9VY4;
				GENERATE_INFOPLIST_FILE = YES;
				IPHONEOS_DEPLOYMENT_TARGET = 17.4;
				MACOSX_DEPLOYMENT_TARGET = 14.3;
				MARKETING_VERSION = 1.0;
				PRODUCT_BUNDLE_IDENTIFIER = com.akberov.LandmarksTests;
				PRODUCT_NAME = "$(TARGET_NAME)";
				SDKROOT = auto;
				SUPPORTED_PLATFORMS = "iphoneos iphonesimulator macosx";
				SWIFT_EMIT_LOC_STRINGS = NO;
				SWIFT_VERSION = 5.0;
				TARGETED_DEVICE_FAMILY = "1,2";
				TEST_HOST = "$(BUILT_PRODUCTS_DIR)/Landmarks.app/$(BUNDLE_EXECUTABLE_FOLDER_PATH)/Landmarks";
			};
			name = Release;
		};
		873BD31A2C09290100ECEF0E /* Debug */ = {
			isa = XCBuildConfiguration;
			buildSettings = {
				ALWAYS_EMBED_SWIFT_STANDARD_LIBRARIES = YES;
				CODE_SIGN_STYLE = Automatic;
				CURRENT_PROJECT_VERSION = 1;
				DEVELOPMENT_TEAM = JMYF9P9VY4;
				GENERATE_INFOPLIST_FILE = YES;
				IPHONEOS_DEPLOYMENT_TARGET = 17.4;
				MACOSX_DEPLOYMENT_TARGET = 14.3;
				MARKETING_VERSION = 1.0;
				PRODUCT_BUNDLE_IDENTIFIER = com.akberov.LandmarksUITests;
				PRODUCT_NAME = "$(TARGET_NAME)";
				SDKROOT = auto;
				SUPPORTED_PLATFORMS = "iphoneos iphonesimulator macosx";
				SWIFT_EMIT_LOC_STRINGS = NO;
				SWIFT_VERSION = 5.0;
				TARGETED_DEVICE_FAMILY = "1,2";
				TEST_TARGET_NAME = Landmarks;
			};
			name = Debug;
		};
		873BD31B2C09290100ECEF0E /* Release */ = {
			isa = XCBuildConfiguration;
			buildSettings = {
				ALWAYS_EMBED_SWIFT_STANDARD_LIBRARIES = YES;
				CODE_SIGN_STYLE = Automatic;
				CURRENT_PROJECT_VERSION = 1;
				DEVELOPMENT_TEAM = JMYF9P9VY4;
				GENERATE_INFOPLIST_FILE = YES;
				IPHONEOS_DEPLOYMENT_TARGET = 17.4;
				MACOSX_DEPLOYMENT_TARGET = 14.3;
				MARKETING_VERSION = 1.0;
				PRODUCT_BUNDLE_IDENTIFIER = com.akberov.LandmarksUITests;
				PRODUCT_NAME = "$(TARGET_NAME)";
				SDKROOT = auto;
				SUPPORTED_PLATFORMS = "iphoneos iphonesimulator macosx";
				SWIFT_EMIT_LOC_STRINGS = NO;
				SWIFT_VERSION = 5.0;
				TARGETED_DEVICE_FAMILY = "1,2";
				TEST_TARGET_NAME = Landmarks;
			};
			name = Release;
		};
/* End XCBuildConfiguration section */

/* Begin XCConfigurationList section */
		873BD2E92C09290000ECEF0E /* Build configuration list for PBXProject "Landmarks" */ = {
			isa = XCConfigurationList;
			buildConfigurations = (
				873BD3112C09290100ECEF0E /* Debug */,
				873BD3122C09290100ECEF0E /* Release */,
			);
			defaultConfigurationIsVisible = 0;
			defaultConfigurationName = Release;
		};
		873BD3132C09290100ECEF0E /* Build configuration list for PBXNativeTarget "Landmarks" */ = {
			isa = XCConfigurationList;
			buildConfigurations = (
				873BD3142C09290100ECEF0E /* Debug */,
				873BD3152C09290100ECEF0E /* Release */,
			);
			defaultConfigurationIsVisible = 0;
			defaultConfigurationName = Release;
		};
		873BD3162C09290100ECEF0E /* Build configuration list for PBXNativeTarget "LandmarksTests" */ = {
			isa = XCConfigurationList;
			buildConfigurations = (
				873BD3172C09290100ECEF0E /* Debug */,
				873BD3182C09290100ECEF0E /* Release */,
			);
			defaultConfigurationIsVisible = 0;
			defaultConfigurationName = Release;
		};
		873BD3192C09290100ECEF0E /* Build configuration list for PBXNativeTarget "LandmarksUITests" */ = {
			isa = XCConfigurationList;
			buildConfigurations = (
				873BD31A2C09290100ECEF0E /* Debug */,
				873BD31B2C09290100ECEF0E /* Release */,
			);
			defaultConfigurationIsVisible = 0;
			defaultConfigurationName = Release;
		};
/* End XCConfigurationList section */
	};
	rootObject = 873BD2E62C09290000ECEF0E /* Project object */;
}
